// !$*UTF8*$!
{
	archiveVersion = 1;
	classes = {
	};
	objectVersion = 46;
	objects = {

/* Begin PBXBuildFile section */
		00C302E51ABCBA2D00DB3ED1 /* libRCTActionSheet.a in Frameworks */ = {isa = PBXBuildFile; fileRef = 00C302AC1ABCB8CE00DB3ED1 /* libRCTActionSheet.a */; };
		00C302E71ABCBA2D00DB3ED1 /* libRCTGeolocation.a in Frameworks */ = {isa = PBXBuildFile; fileRef = 00C302BA1ABCB90400DB3ED1 /* libRCTGeolocation.a */; };
		00C302E81ABCBA2D00DB3ED1 /* libRCTImage.a in Frameworks */ = {isa = PBXBuildFile; fileRef = 00C302C01ABCB91800DB3ED1 /* libRCTImage.a */; };
		00C302E91ABCBA2D00DB3ED1 /* libRCTNetwork.a in Frameworks */ = {isa = PBXBuildFile; fileRef = 00C302DC1ABCB9D200DB3ED1 /* libRCTNetwork.a */; };
		00C302EA1ABCBA2D00DB3ED1 /* libRCTVibration.a in Frameworks */ = {isa = PBXBuildFile; fileRef = 00C302E41ABCB9EE00DB3ED1 /* libRCTVibration.a */; };
		00E356F31AD99517003FC87E /* CamiTests.m in Sources */ = {isa = PBXBuildFile; fileRef = 00E356F21AD99517003FC87E /* CamiTests.m */; };
		0FF2EC1E70F64A278DA8B6B6 /* Entypo.ttf in Resources */ = {isa = PBXBuildFile; fileRef = FAFCF0DEC791421C892DA4E0 /* Entypo.ttf */; };
		133E29F31AD74F7200F7D852 /* libRCTLinking.a in Frameworks */ = {isa = PBXBuildFile; fileRef = 78C398B91ACF4ADC00677621 /* libRCTLinking.a */; };
		139105C61AF99C1200B5F7CC /* libRCTSettings.a in Frameworks */ = {isa = PBXBuildFile; fileRef = 139105C11AF99BAD00B5F7CC /* libRCTSettings.a */; };
		139FDEF61B0652A700C62182 /* libRCTWebSocket.a in Frameworks */ = {isa = PBXBuildFile; fileRef = 139FDEF41B06529B00C62182 /* libRCTWebSocket.a */; };
		13B07FBC1A68108700A75B9A /* AppDelegate.m in Sources */ = {isa = PBXBuildFile; fileRef = 13B07FB01A68108700A75B9A /* AppDelegate.m */; };
		13B07FBD1A68108700A75B9A /* LaunchScreen.xib in Resources */ = {isa = PBXBuildFile; fileRef = 13B07FB11A68108700A75B9A /* LaunchScreen.xib */; };
		13B07FBF1A68108700A75B9A /* Images.xcassets in Resources */ = {isa = PBXBuildFile; fileRef = 13B07FB51A68108700A75B9A /* Images.xcassets */; };
		13B07FC11A68108700A75B9A /* main.m in Sources */ = {isa = PBXBuildFile; fileRef = 13B07FB71A68108700A75B9A /* main.m */; };
		146834051AC3E58100842450 /* libReact.a in Frameworks */ = {isa = PBXBuildFile; fileRef = 146834041AC3E56700842450 /* libReact.a */; };
		1AB1EE910D984DBDA9D7D365 /* Foundation.ttf in Resources */ = {isa = PBXBuildFile; fileRef = 9415B0009BE041CA934C3E1A /* Foundation.ttf */; };
		1AFAD049DAD3490DACCED403 /* MaterialIcons.ttf in Resources */ = {isa = PBXBuildFile; fileRef = E5706C86F48645A29588E76F /* MaterialIcons.ttf */; };
		32520E06088C4B4BA11D69D3 /* Ionicons.ttf in Resources */ = {isa = PBXBuildFile; fileRef = F4CE278D9E0443ABABE2D2B7 /* Ionicons.ttf */; };
		337569C61D92873D006125FC /* libA0RNLock.a in Frameworks */ = {isa = PBXBuildFile; fileRef = 338AADEE1D926E140037FBFE /* libA0RNLock.a */; };
		4FFF34BC17FA3061F9B55D5B /* Pods_CamiTests.framework in Frameworks */ = {isa = PBXBuildFile; fileRef = 9D206714B04A06F143F35452 /* Pods_CamiTests.framework */; };
		5DFEF4A38E0B4D69986C7D1A /* EvilIcons.ttf in Resources */ = {isa = PBXBuildFile; fileRef = B01F06020DE6415DA0D29B8F /* EvilIcons.ttf */; };
		832341BD1AAA6AB300B99B32 /* libRCTText.a in Frameworks */ = {isa = PBXBuildFile; fileRef = 832341B51AAA6A8300B99B32 /* libRCTText.a */; };
		84824BD01D53759300A9A3D1 /* ABNumberFormatter.swift in Sources */ = {isa = PBXBuildFile; fileRef = 84824BA61D53759300A9A3D1 /* ABNumberFormatter.swift */; };
		84824BD11D53759300A9A3D1 /* BarLineChartViewBaseExtension.swift in Sources */ = {isa = PBXBuildFile; fileRef = 84824BA71D53759300A9A3D1 /* BarLineChartViewBaseExtension.swift */; };
		84824BD21D53759300A9A3D1 /* chartDataHelpers.swift in Sources */ = {isa = PBXBuildFile; fileRef = 84824BA81D53759300A9A3D1 /* chartDataHelpers.swift */; };
		84824BD31D53759300A9A3D1 /* ChartViewBaseExtension.swift in Sources */ = {isa = PBXBuildFile; fileRef = 84824BA91D53759300A9A3D1 /* ChartViewBaseExtension.swift */; };
		84824BD41D53759300A9A3D1 /* PieRadarChartViewBaseExtension.swift in Sources */ = {isa = PBXBuildFile; fileRef = 84824BAA1D53759300A9A3D1 /* PieRadarChartViewBaseExtension.swift */; };
		84824BD51D53759300A9A3D1 /* RNBarChart.m in Sources */ = {isa = PBXBuildFile; fileRef = 84824BAD1D53759300A9A3D1 /* RNBarChart.m */; };
		84824BD61D53759300A9A3D1 /* RNBarChart.swift in Sources */ = {isa = PBXBuildFile; fileRef = 84824BAE1D53759300A9A3D1 /* RNBarChart.swift */; };
		84824BD71D53759300A9A3D1 /* RNBarChartManager.swift in Sources */ = {isa = PBXBuildFile; fileRef = 84824BAF1D53759300A9A3D1 /* RNBarChartManager.swift */; };
		84824BD81D53759300A9A3D1 /* RNBubbleChart.m in Sources */ = {isa = PBXBuildFile; fileRef = 84824BB11D53759300A9A3D1 /* RNBubbleChart.m */; };
		84824BD91D53759300A9A3D1 /* RNBubbleChart.swift in Sources */ = {isa = PBXBuildFile; fileRef = 84824BB21D53759300A9A3D1 /* RNBubbleChart.swift */; };
		84824BDA1D53759300A9A3D1 /* RNBubbleChartManager.swift in Sources */ = {isa = PBXBuildFile; fileRef = 84824BB31D53759300A9A3D1 /* RNBubbleChartManager.swift */; };
		84824BDB1D53759300A9A3D1 /* RNCandleChartManager.swift in Sources */ = {isa = PBXBuildFile; fileRef = 84824BB41D53759300A9A3D1 /* RNCandleChartManager.swift */; };
		84824BDC1D53759300A9A3D1 /* RNCandleStickChart.m in Sources */ = {isa = PBXBuildFile; fileRef = 84824BB61D53759300A9A3D1 /* RNCandleStickChart.m */; };
		84824BDD1D53759300A9A3D1 /* RNCandleStickChart.swift in Sources */ = {isa = PBXBuildFile; fileRef = 84824BB71D53759300A9A3D1 /* RNCandleStickChart.swift */; };
		84824BDE1D53759300A9A3D1 /* RNCombinedChart.m in Sources */ = {isa = PBXBuildFile; fileRef = 84824BB91D53759300A9A3D1 /* RNCombinedChart.m */; };
		84824BDF1D53759300A9A3D1 /* RNCombinedChart.swift in Sources */ = {isa = PBXBuildFile; fileRef = 84824BBA1D53759300A9A3D1 /* RNCombinedChart.swift */; };
		84824BE01D53759300A9A3D1 /* RNCombinedChartManager.swift in Sources */ = {isa = PBXBuildFile; fileRef = 84824BBB1D53759300A9A3D1 /* RNCombinedChartManager.swift */; };
		84824BE11D53759300A9A3D1 /* RNHorizontalBarChart.m in Sources */ = {isa = PBXBuildFile; fileRef = 84824BBD1D53759300A9A3D1 /* RNHorizontalBarChart.m */; };
		84824BE21D53759300A9A3D1 /* RNHorizontalBarChart.swift in Sources */ = {isa = PBXBuildFile; fileRef = 84824BBE1D53759300A9A3D1 /* RNHorizontalBarChart.swift */; };
		84824BE31D53759300A9A3D1 /* RNHorizontalBarChartManager.swift in Sources */ = {isa = PBXBuildFile; fileRef = 84824BBF1D53759300A9A3D1 /* RNHorizontalBarChartManager.swift */; };
		84824BE41D53759300A9A3D1 /* RNLineChart.m in Sources */ = {isa = PBXBuildFile; fileRef = 84824BC11D53759300A9A3D1 /* RNLineChart.m */; };
		84824BE51D53759400A9A3D1 /* RNLineChart.swift in Sources */ = {isa = PBXBuildFile; fileRef = 84824BC21D53759300A9A3D1 /* RNLineChart.swift */; };
		84824BE61D53759400A9A3D1 /* RNLineChartManager.swift in Sources */ = {isa = PBXBuildFile; fileRef = 84824BC31D53759300A9A3D1 /* RNLineChartManager.swift */; };
		84824BE71D53759400A9A3D1 /* RNPieChart.m in Sources */ = {isa = PBXBuildFile; fileRef = 84824BC51D53759300A9A3D1 /* RNPieChart.m */; };
		84824BE81D53759400A9A3D1 /* RNPieChart.swift in Sources */ = {isa = PBXBuildFile; fileRef = 84824BC61D53759300A9A3D1 /* RNPieChart.swift */; };
		84824BE91D53759400A9A3D1 /* RNPieChartManager.swift in Sources */ = {isa = PBXBuildFile; fileRef = 84824BC71D53759300A9A3D1 /* RNPieChartManager.swift */; };
		84824BEA1D53759400A9A3D1 /* RNRadarChart.m in Sources */ = {isa = PBXBuildFile; fileRef = 84824BC91D53759300A9A3D1 /* RNRadarChart.m */; };
		84824BEB1D53759400A9A3D1 /* RNRadarChart.swift in Sources */ = {isa = PBXBuildFile; fileRef = 84824BCA1D53759300A9A3D1 /* RNRadarChart.swift */; };
		84824BEC1D53759400A9A3D1 /* RNRadarChartManager.swift in Sources */ = {isa = PBXBuildFile; fileRef = 84824BCB1D53759300A9A3D1 /* RNRadarChartManager.swift */; };
		84824BED1D53759400A9A3D1 /* RNScatterChart.m in Sources */ = {isa = PBXBuildFile; fileRef = 84824BCD1D53759300A9A3D1 /* RNScatterChart.m */; };
		84824BEE1D53759400A9A3D1 /* RNScatterChart.swift in Sources */ = {isa = PBXBuildFile; fileRef = 84824BCE1D53759300A9A3D1 /* RNScatterChart.swift */; };
		84824BEF1D53759400A9A3D1 /* RNScatterChartManager.swift in Sources */ = {isa = PBXBuildFile; fileRef = 84824BCF1D53759300A9A3D1 /* RNScatterChartManager.swift */; };
		8494ED291D61EC3E008B8E7E /* libRNSound.a in Frameworks */ = {isa = PBXBuildFile; fileRef = 8494ED271D61EC1D008B8E7E /* libRNSound.a */; };
		8494ED4E1D61EEF9008B8E7E /* sounds in Resources */ = {isa = PBXBuildFile; fileRef = 8494ED4D1D61EEF9008B8E7E /* sounds */; };
		849C31C01D41445F0097CB36 /* libART.a in Frameworks */ = {isa = PBXBuildFile; fileRef = 849C31BF1D41443D0097CB36 /* libART.a */; };
		AE7C539A0DC94CF18B2D4C70 /* libRNBlur.a in Frameworks */ = {isa = PBXBuildFile; fileRef = 9D5BB39EEE0F4E53878141DC /* libRNBlur.a */; };
		AE891D22B73E40B1AB815BF5 /* Octicons.ttf in Resources */ = {isa = PBXBuildFile; fileRef = 1BE5FA6199C64797A7246756 /* Octicons.ttf */; };
		C3CC020A2E13449B82D422B1 /* Zocial.ttf in Resources */ = {isa = PBXBuildFile; fileRef = FEC5CBA1B45F4EDD80CDABFD /* Zocial.ttf */; };
		D361894B649845808138D428 /* libRNVectorIcons.a in Frameworks */ = {isa = PBXBuildFile; fileRef = 44F210B653884FCE9A647C6A /* libRNVectorIcons.a */; };
		EF5C67FF2FEA4B9B98DC4F2A /* FontAwesome.ttf in Resources */ = {isa = PBXBuildFile; fileRef = 8B973CDA360C4BF1B6E4D026 /* FontAwesome.ttf */; };
		F4452C737A31C24665190D56 /* Pods_Cami.framework in Frameworks */ = {isa = PBXBuildFile; fileRef = A6B9E6C0DFE2F02CCAEEE3A0 /* Pods_Cami.framework */; };
/* End PBXBuildFile section */

/* Begin PBXContainerItemProxy section */
		00C302AB1ABCB8CE00DB3ED1 /* PBXContainerItemProxy */ = {
			isa = PBXContainerItemProxy;
			containerPortal = 00C302A71ABCB8CE00DB3ED1 /* RCTActionSheet.xcodeproj */;
			proxyType = 2;
			remoteGlobalIDString = 134814201AA4EA6300B7C361;
			remoteInfo = RCTActionSheet;
		};
		00C302B91ABCB90400DB3ED1 /* PBXContainerItemProxy */ = {
			isa = PBXContainerItemProxy;
			containerPortal = 00C302B51ABCB90400DB3ED1 /* RCTGeolocation.xcodeproj */;
			proxyType = 2;
			remoteGlobalIDString = 134814201AA4EA6300B7C361;
			remoteInfo = RCTGeolocation;
		};
		00C302BF1ABCB91800DB3ED1 /* PBXContainerItemProxy */ = {
			isa = PBXContainerItemProxy;
			containerPortal = 00C302BB1ABCB91800DB3ED1 /* RCTImage.xcodeproj */;
			proxyType = 2;
			remoteGlobalIDString = 58B5115D1A9E6B3D00147676;
			remoteInfo = RCTImage;
		};
		00C302DB1ABCB9D200DB3ED1 /* PBXContainerItemProxy */ = {
			isa = PBXContainerItemProxy;
			containerPortal = 00C302D31ABCB9D200DB3ED1 /* RCTNetwork.xcodeproj */;
			proxyType = 2;
			remoteGlobalIDString = 58B511DB1A9E6C8500147676;
			remoteInfo = RCTNetwork;
		};
		00C302E31ABCB9EE00DB3ED1 /* PBXContainerItemProxy */ = {
			isa = PBXContainerItemProxy;
			containerPortal = 00C302DF1ABCB9EE00DB3ED1 /* RCTVibration.xcodeproj */;
			proxyType = 2;
			remoteGlobalIDString = 832C81801AAF6DEF007FA2F7;
			remoteInfo = RCTVibration;
		};
		00E356F41AD99517003FC87E /* PBXContainerItemProxy */ = {
			isa = PBXContainerItemProxy;
			containerPortal = 83CBB9F71A601CBA00E9B192 /* Project object */;
			proxyType = 1;
			remoteGlobalIDString = 13B07F861A680F5B00A75B9A;
			remoteInfo = Cami;
		};
		139105C01AF99BAD00B5F7CC /* PBXContainerItemProxy */ = {
			isa = PBXContainerItemProxy;
			containerPortal = 139105B61AF99BAD00B5F7CC /* RCTSettings.xcodeproj */;
			proxyType = 2;
			remoteGlobalIDString = 134814201AA4EA6300B7C361;
			remoteInfo = RCTSettings;
		};
		139FDEF31B06529B00C62182 /* PBXContainerItemProxy */ = {
			isa = PBXContainerItemProxy;
			containerPortal = 139FDEE61B06529A00C62182 /* RCTWebSocket.xcodeproj */;
			proxyType = 2;
			remoteGlobalIDString = 3C86DF461ADF2C930047B81A;
			remoteInfo = RCTWebSocket;
		};
		146834031AC3E56700842450 /* PBXContainerItemProxy */ = {
			isa = PBXContainerItemProxy;
			containerPortal = 146833FF1AC3E56700842450 /* React.xcodeproj */;
			proxyType = 2;
			remoteGlobalIDString = 83CBBA2E1A601D0E00E9B192;
			remoteInfo = React;
		};
		338AADED1D926E140037FBFE /* PBXContainerItemProxy */ = {
			isa = PBXContainerItemProxy;
			containerPortal = 338AADE91D926E140037FBFE /* A0RNLock.xcodeproj */;
			proxyType = 2;
			remoteGlobalIDString = 5F0499EE1CAE9F4A006F6C05;
			remoteInfo = A0RNLock;
		};
		78C398B81ACF4ADC00677621 /* PBXContainerItemProxy */ = {
			isa = PBXContainerItemProxy;
			containerPortal = 78C398B01ACF4ADC00677621 /* RCTLinking.xcodeproj */;
			proxyType = 2;
			remoteGlobalIDString = 134814201AA4EA6300B7C361;
			remoteInfo = RCTLinking;
		};
		832341B41AAA6A8300B99B32 /* PBXContainerItemProxy */ = {
			isa = PBXContainerItemProxy;
			containerPortal = 832341B01AAA6A8300B99B32 /* RCTText.xcodeproj */;
			proxyType = 2;
			remoteGlobalIDString = 58B5119B1A9E6C1200147676;
			remoteInfo = RCTText;
		};
		8494ED261D61EC1D008B8E7E /* PBXContainerItemProxy */ = {
			isa = PBXContainerItemProxy;
			containerPortal = 8494ED151D61EC1C008B8E7E /* RNSound.xcodeproj */;
			proxyType = 2;
			remoteGlobalIDString = 19825A1E1BD4A89800EE0337;
			remoteInfo = RNSound;
		};
		849C31B81D4144060097CB36 /* PBXContainerItemProxy */ = {
			isa = PBXContainerItemProxy;
			containerPortal = BE9FAEE2CCA649F598F46139 /* RNBlur.xcodeproj */;
			proxyType = 2;
			remoteGlobalIDString = A68BD7BC1BC31318005F02DF;
			remoteInfo = RNBlur;
		};
		849C31BE1D41443D0097CB36 /* PBXContainerItemProxy */ = {
			isa = PBXContainerItemProxy;
			containerPortal = 849C31BA1D41443C0097CB36 /* ART.xcodeproj */;
			proxyType = 2;
			remoteGlobalIDString = 0CF68AC11AF0540F00FF9E5C;
			remoteInfo = ART;
		};
		A21295881D421FCE00F579A7 /* PBXContainerItemProxy */ = {
			isa = PBXContainerItemProxy;
			containerPortal = 1CC4DFA7AB3E43588029ECDC /* RNVectorIcons.xcodeproj */;
			proxyType = 2;
			remoteGlobalIDString = 5DBEB1501B18CEA900B34395;
			remoteInfo = RNVectorIcons;
		};
/* End PBXContainerItemProxy section */

/* Begin PBXFileReference section */
		008F07F21AC5B25A0029DE68 /* main.jsbundle */ = {isa = PBXFileReference; fileEncoding = 4; lastKnownFileType = text; path = main.jsbundle; sourceTree = "<group>"; };
		00C302A71ABCB8CE00DB3ED1 /* RCTActionSheet.xcodeproj */ = {isa = PBXFileReference; lastKnownFileType = "wrapper.pb-project"; name = RCTActionSheet.xcodeproj; path = "../node_modules/react-native/Libraries/ActionSheetIOS/RCTActionSheet.xcodeproj"; sourceTree = "<group>"; };
		00C302B51ABCB90400DB3ED1 /* RCTGeolocation.xcodeproj */ = {isa = PBXFileReference; lastKnownFileType = "wrapper.pb-project"; name = RCTGeolocation.xcodeproj; path = "../node_modules/react-native/Libraries/Geolocation/RCTGeolocation.xcodeproj"; sourceTree = "<group>"; };
		00C302BB1ABCB91800DB3ED1 /* RCTImage.xcodeproj */ = {isa = PBXFileReference; lastKnownFileType = "wrapper.pb-project"; name = RCTImage.xcodeproj; path = "../node_modules/react-native/Libraries/Image/RCTImage.xcodeproj"; sourceTree = "<group>"; };
		00C302D31ABCB9D200DB3ED1 /* RCTNetwork.xcodeproj */ = {isa = PBXFileReference; lastKnownFileType = "wrapper.pb-project"; name = RCTNetwork.xcodeproj; path = "../node_modules/react-native/Libraries/Network/RCTNetwork.xcodeproj"; sourceTree = "<group>"; };
		00C302DF1ABCB9EE00DB3ED1 /* RCTVibration.xcodeproj */ = {isa = PBXFileReference; lastKnownFileType = "wrapper.pb-project"; name = RCTVibration.xcodeproj; path = "../node_modules/react-native/Libraries/Vibration/RCTVibration.xcodeproj"; sourceTree = "<group>"; };
		00E356EE1AD99517003FC87E /* CamiTests.xctest */ = {isa = PBXFileReference; explicitFileType = wrapper.cfbundle; includeInIndex = 0; path = CamiTests.xctest; sourceTree = BUILT_PRODUCTS_DIR; };
		00E356F11AD99517003FC87E /* Info.plist */ = {isa = PBXFileReference; lastKnownFileType = text.plist.xml; path = Info.plist; sourceTree = "<group>"; };
		00E356F21AD99517003FC87E /* CamiTests.m */ = {isa = PBXFileReference; lastKnownFileType = sourcecode.c.objc; path = CamiTests.m; sourceTree = "<group>"; };
		139105B61AF99BAD00B5F7CC /* RCTSettings.xcodeproj */ = {isa = PBXFileReference; lastKnownFileType = "wrapper.pb-project"; name = RCTSettings.xcodeproj; path = "../node_modules/react-native/Libraries/Settings/RCTSettings.xcodeproj"; sourceTree = "<group>"; };
		139FDEE61B06529A00C62182 /* RCTWebSocket.xcodeproj */ = {isa = PBXFileReference; lastKnownFileType = "wrapper.pb-project"; name = RCTWebSocket.xcodeproj; path = "../node_modules/react-native/Libraries/WebSocket/RCTWebSocket.xcodeproj"; sourceTree = "<group>"; };
		13B07F961A680F5B00A75B9A /* Cami.app */ = {isa = PBXFileReference; explicitFileType = wrapper.application; includeInIndex = 0; path = Cami.app; sourceTree = BUILT_PRODUCTS_DIR; };
		13B07FAF1A68108700A75B9A /* AppDelegate.h */ = {isa = PBXFileReference; fileEncoding = 4; lastKnownFileType = sourcecode.c.h; name = AppDelegate.h; path = Cami/AppDelegate.h; sourceTree = "<group>"; };
		13B07FB01A68108700A75B9A /* AppDelegate.m */ = {isa = PBXFileReference; fileEncoding = 4; lastKnownFileType = sourcecode.c.objc; name = AppDelegate.m; path = Cami/AppDelegate.m; sourceTree = "<group>"; };
		13B07FB21A68108700A75B9A /* Base */ = {isa = PBXFileReference; lastKnownFileType = file.xib; name = Base; path = Base.lproj/LaunchScreen.xib; sourceTree = "<group>"; };
		13B07FB51A68108700A75B9A /* Images.xcassets */ = {isa = PBXFileReference; lastKnownFileType = folder.assetcatalog; name = Images.xcassets; path = Cami/Images.xcassets; sourceTree = "<group>"; };
		13B07FB61A68108700A75B9A /* Info.plist */ = {isa = PBXFileReference; fileEncoding = 4; lastKnownFileType = text.plist.xml; name = Info.plist; path = Cami/Info.plist; sourceTree = "<group>"; };
		13B07FB71A68108700A75B9A /* main.m */ = {isa = PBXFileReference; fileEncoding = 4; lastKnownFileType = sourcecode.c.objc; name = main.m; path = Cami/main.m; sourceTree = "<group>"; };
		146833FF1AC3E56700842450 /* React.xcodeproj */ = {isa = PBXFileReference; lastKnownFileType = "wrapper.pb-project"; name = React.xcodeproj; path = "../node_modules/react-native/React/React.xcodeproj"; sourceTree = "<group>"; };
		1A3873B0FFF34BF8F6900569 /* Pods-CamiTests.release.xcconfig */ = {isa = PBXFileReference; includeInIndex = 1; lastKnownFileType = text.xcconfig; name = "Pods-CamiTests.release.xcconfig"; path = "Pods/Target Support Files/Pods-CamiTests/Pods-CamiTests.release.xcconfig"; sourceTree = "<group>"; };
		1BE5FA6199C64797A7246756 /* Octicons.ttf */ = {isa = PBXFileReference; explicitFileType = undefined; fileEncoding = 9; includeInIndex = 0; lastKnownFileType = unknown; name = Octicons.ttf; path = "../node_modules/react-native-vector-icons/Fonts/Octicons.ttf"; sourceTree = "<group>"; };
		1CC4DFA7AB3E43588029ECDC /* RNVectorIcons.xcodeproj */ = {isa = PBXFileReference; explicitFileType = undefined; fileEncoding = 9; includeInIndex = 0; lastKnownFileType = "wrapper.pb-project"; name = RNVectorIcons.xcodeproj; path = "../node_modules/react-native-vector-icons/RNVectorIcons.xcodeproj"; sourceTree = "<group>"; };
		338AADE91D926E140037FBFE /* A0RNLock.xcodeproj */ = {isa = PBXFileReference; lastKnownFileType = "wrapper.pb-project"; name = A0RNLock.xcodeproj; path = Cami/A0RNLock/A0RNLock.xcodeproj; sourceTree = "<group>"; };
		44F210B653884FCE9A647C6A /* libRNVectorIcons.a */ = {isa = PBXFileReference; explicitFileType = undefined; fileEncoding = 9; includeInIndex = 0; lastKnownFileType = archive.ar; path = libRNVectorIcons.a; sourceTree = "<group>"; };
		78C398B01ACF4ADC00677621 /* RCTLinking.xcodeproj */ = {isa = PBXFileReference; lastKnownFileType = "wrapper.pb-project"; name = RCTLinking.xcodeproj; path = "../node_modules/react-native/Libraries/LinkingIOS/RCTLinking.xcodeproj"; sourceTree = "<group>"; };
		832341B01AAA6A8300B99B32 /* RCTText.xcodeproj */ = {isa = PBXFileReference; lastKnownFileType = "wrapper.pb-project"; name = RCTText.xcodeproj; path = "../node_modules/react-native/Libraries/Text/RCTText.xcodeproj"; sourceTree = "<group>"; };
		84824B981D53759300A9A3D1 /* Cami-Bridging-Header.h */ = {isa = PBXFileReference; lastKnownFileType = sourcecode.c.h; path = "Cami-Bridging-Header.h"; sourceTree = "<group>"; };
		84824BA61D53759300A9A3D1 /* ABNumberFormatter.swift */ = {isa = PBXFileReference; fileEncoding = 4; lastKnownFileType = sourcecode.swift; name = ABNumberFormatter.swift; path = "../node_modules/react-native-ios-charts/RNiOSCharts/ABNumberFormatter.swift"; sourceTree = "<group>"; };
		84824BA71D53759300A9A3D1 /* BarLineChartViewBaseExtension.swift */ = {isa = PBXFileReference; fileEncoding = 4; lastKnownFileType = sourcecode.swift; name = BarLineChartViewBaseExtension.swift; path = "../node_modules/react-native-ios-charts/RNiOSCharts/BarLineChartViewBaseExtension.swift"; sourceTree = "<group>"; };
		84824BA81D53759300A9A3D1 /* chartDataHelpers.swift */ = {isa = PBXFileReference; fileEncoding = 4; lastKnownFileType = sourcecode.swift; name = chartDataHelpers.swift; path = "../node_modules/react-native-ios-charts/RNiOSCharts/chartDataHelpers.swift"; sourceTree = "<group>"; };
		84824BA91D53759300A9A3D1 /* ChartViewBaseExtension.swift */ = {isa = PBXFileReference; fileEncoding = 4; lastKnownFileType = sourcecode.swift; name = ChartViewBaseExtension.swift; path = "../node_modules/react-native-ios-charts/RNiOSCharts/ChartViewBaseExtension.swift"; sourceTree = "<group>"; };
		84824BAA1D53759300A9A3D1 /* PieRadarChartViewBaseExtension.swift */ = {isa = PBXFileReference; fileEncoding = 4; lastKnownFileType = sourcecode.swift; name = PieRadarChartViewBaseExtension.swift; path = "../node_modules/react-native-ios-charts/RNiOSCharts/PieRadarChartViewBaseExtension.swift"; sourceTree = "<group>"; };
		84824BAB1D53759300A9A3D1 /* RCTIOSCharts-Bridging-Header.h */ = {isa = PBXFileReference; fileEncoding = 4; lastKnownFileType = sourcecode.c.h; name = "RCTIOSCharts-Bridging-Header.h"; path = "../node_modules/react-native-ios-charts/RNiOSCharts/RCTIOSCharts-Bridging-Header.h"; sourceTree = "<group>"; };
		84824BAC1D53759300A9A3D1 /* RNBarChart.h */ = {isa = PBXFileReference; fileEncoding = 4; lastKnownFileType = sourcecode.c.h; name = RNBarChart.h; path = "../node_modules/react-native-ios-charts/RNiOSCharts/RNBarChart.h"; sourceTree = "<group>"; };
		84824BAD1D53759300A9A3D1 /* RNBarChart.m */ = {isa = PBXFileReference; fileEncoding = 4; lastKnownFileType = sourcecode.c.objc; name = RNBarChart.m; path = "../node_modules/react-native-ios-charts/RNiOSCharts/RNBarChart.m"; sourceTree = "<group>"; };
		84824BAE1D53759300A9A3D1 /* RNBarChart.swift */ = {isa = PBXFileReference; fileEncoding = 4; lastKnownFileType = sourcecode.swift; name = RNBarChart.swift; path = "../node_modules/react-native-ios-charts/RNiOSCharts/RNBarChart.swift"; sourceTree = "<group>"; };
		84824BAF1D53759300A9A3D1 /* RNBarChartManager.swift */ = {isa = PBXFileReference; fileEncoding = 4; lastKnownFileType = sourcecode.swift; name = RNBarChartManager.swift; path = "../node_modules/react-native-ios-charts/RNiOSCharts/RNBarChartManager.swift"; sourceTree = "<group>"; };
		84824BB01D53759300A9A3D1 /* RNBubbleChart.h */ = {isa = PBXFileReference; fileEncoding = 4; lastKnownFileType = sourcecode.c.h; name = RNBubbleChart.h; path = "../node_modules/react-native-ios-charts/RNiOSCharts/RNBubbleChart.h"; sourceTree = "<group>"; };
		84824BB11D53759300A9A3D1 /* RNBubbleChart.m */ = {isa = PBXFileReference; fileEncoding = 4; lastKnownFileType = sourcecode.c.objc; name = RNBubbleChart.m; path = "../node_modules/react-native-ios-charts/RNiOSCharts/RNBubbleChart.m"; sourceTree = "<group>"; };
		84824BB21D53759300A9A3D1 /* RNBubbleChart.swift */ = {isa = PBXFileReference; fileEncoding = 4; lastKnownFileType = sourcecode.swift; name = RNBubbleChart.swift; path = "../node_modules/react-native-ios-charts/RNiOSCharts/RNBubbleChart.swift"; sourceTree = "<group>"; };
		84824BB31D53759300A9A3D1 /* RNBubbleChartManager.swift */ = {isa = PBXFileReference; fileEncoding = 4; lastKnownFileType = sourcecode.swift; name = RNBubbleChartManager.swift; path = "../node_modules/react-native-ios-charts/RNiOSCharts/RNBubbleChartManager.swift"; sourceTree = "<group>"; };
		84824BB41D53759300A9A3D1 /* RNCandleChartManager.swift */ = {isa = PBXFileReference; fileEncoding = 4; lastKnownFileType = sourcecode.swift; name = RNCandleChartManager.swift; path = "../node_modules/react-native-ios-charts/RNiOSCharts/RNCandleChartManager.swift"; sourceTree = "<group>"; };
		84824BB51D53759300A9A3D1 /* RNCandleStickChart.h */ = {isa = PBXFileReference; fileEncoding = 4; lastKnownFileType = sourcecode.c.h; name = RNCandleStickChart.h; path = "../node_modules/react-native-ios-charts/RNiOSCharts/RNCandleStickChart.h"; sourceTree = "<group>"; };
		84824BB61D53759300A9A3D1 /* RNCandleStickChart.m */ = {isa = PBXFileReference; fileEncoding = 4; lastKnownFileType = sourcecode.c.objc; name = RNCandleStickChart.m; path = "../node_modules/react-native-ios-charts/RNiOSCharts/RNCandleStickChart.m"; sourceTree = "<group>"; };
		84824BB71D53759300A9A3D1 /* RNCandleStickChart.swift */ = {isa = PBXFileReference; fileEncoding = 4; lastKnownFileType = sourcecode.swift; name = RNCandleStickChart.swift; path = "../node_modules/react-native-ios-charts/RNiOSCharts/RNCandleStickChart.swift"; sourceTree = "<group>"; };
		84824BB81D53759300A9A3D1 /* RNCombinedChart.h */ = {isa = PBXFileReference; fileEncoding = 4; lastKnownFileType = sourcecode.c.h; name = RNCombinedChart.h; path = "../node_modules/react-native-ios-charts/RNiOSCharts/RNCombinedChart.h"; sourceTree = "<group>"; };
		84824BB91D53759300A9A3D1 /* RNCombinedChart.m */ = {isa = PBXFileReference; fileEncoding = 4; lastKnownFileType = sourcecode.c.objc; name = RNCombinedChart.m; path = "../node_modules/react-native-ios-charts/RNiOSCharts/RNCombinedChart.m"; sourceTree = "<group>"; };
		84824BBA1D53759300A9A3D1 /* RNCombinedChart.swift */ = {isa = PBXFileReference; fileEncoding = 4; lastKnownFileType = sourcecode.swift; name = RNCombinedChart.swift; path = "../node_modules/react-native-ios-charts/RNiOSCharts/RNCombinedChart.swift"; sourceTree = "<group>"; };
		84824BBB1D53759300A9A3D1 /* RNCombinedChartManager.swift */ = {isa = PBXFileReference; fileEncoding = 4; lastKnownFileType = sourcecode.swift; name = RNCombinedChartManager.swift; path = "../node_modules/react-native-ios-charts/RNiOSCharts/RNCombinedChartManager.swift"; sourceTree = "<group>"; };
		84824BBC1D53759300A9A3D1 /* RNHorizontalBarChart.h */ = {isa = PBXFileReference; fileEncoding = 4; lastKnownFileType = sourcecode.c.h; name = RNHorizontalBarChart.h; path = "../node_modules/react-native-ios-charts/RNiOSCharts/RNHorizontalBarChart.h"; sourceTree = "<group>"; };
		84824BBD1D53759300A9A3D1 /* RNHorizontalBarChart.m */ = {isa = PBXFileReference; fileEncoding = 4; lastKnownFileType = sourcecode.c.objc; name = RNHorizontalBarChart.m; path = "../node_modules/react-native-ios-charts/RNiOSCharts/RNHorizontalBarChart.m"; sourceTree = "<group>"; };
		84824BBE1D53759300A9A3D1 /* RNHorizontalBarChart.swift */ = {isa = PBXFileReference; fileEncoding = 4; lastKnownFileType = sourcecode.swift; name = RNHorizontalBarChart.swift; path = "../node_modules/react-native-ios-charts/RNiOSCharts/RNHorizontalBarChart.swift"; sourceTree = "<group>"; };
		84824BBF1D53759300A9A3D1 /* RNHorizontalBarChartManager.swift */ = {isa = PBXFileReference; fileEncoding = 4; lastKnownFileType = sourcecode.swift; name = RNHorizontalBarChartManager.swift; path = "../node_modules/react-native-ios-charts/RNiOSCharts/RNHorizontalBarChartManager.swift"; sourceTree = "<group>"; };
		84824BC01D53759300A9A3D1 /* RNLineChart.h */ = {isa = PBXFileReference; fileEncoding = 4; lastKnownFileType = sourcecode.c.h; name = RNLineChart.h; path = "../node_modules/react-native-ios-charts/RNiOSCharts/RNLineChart.h"; sourceTree = "<group>"; };
		84824BC11D53759300A9A3D1 /* RNLineChart.m */ = {isa = PBXFileReference; fileEncoding = 4; lastKnownFileType = sourcecode.c.objc; name = RNLineChart.m; path = "../node_modules/react-native-ios-charts/RNiOSCharts/RNLineChart.m"; sourceTree = "<group>"; };
		84824BC21D53759300A9A3D1 /* RNLineChart.swift */ = {isa = PBXFileReference; fileEncoding = 4; lastKnownFileType = sourcecode.swift; name = RNLineChart.swift; path = "../node_modules/react-native-ios-charts/RNiOSCharts/RNLineChart.swift"; sourceTree = "<group>"; };
		84824BC31D53759300A9A3D1 /* RNLineChartManager.swift */ = {isa = PBXFileReference; fileEncoding = 4; lastKnownFileType = sourcecode.swift; name = RNLineChartManager.swift; path = "../node_modules/react-native-ios-charts/RNiOSCharts/RNLineChartManager.swift"; sourceTree = "<group>"; };
		84824BC41D53759300A9A3D1 /* RNPieChart.h */ = {isa = PBXFileReference; fileEncoding = 4; lastKnownFileType = sourcecode.c.h; name = RNPieChart.h; path = "../node_modules/react-native-ios-charts/RNiOSCharts/RNPieChart.h"; sourceTree = "<group>"; };
		84824BC51D53759300A9A3D1 /* RNPieChart.m */ = {isa = PBXFileReference; fileEncoding = 4; lastKnownFileType = sourcecode.c.objc; name = RNPieChart.m; path = "../node_modules/react-native-ios-charts/RNiOSCharts/RNPieChart.m"; sourceTree = "<group>"; };
		84824BC61D53759300A9A3D1 /* RNPieChart.swift */ = {isa = PBXFileReference; fileEncoding = 4; lastKnownFileType = sourcecode.swift; name = RNPieChart.swift; path = "../node_modules/react-native-ios-charts/RNiOSCharts/RNPieChart.swift"; sourceTree = "<group>"; };
		84824BC71D53759300A9A3D1 /* RNPieChartManager.swift */ = {isa = PBXFileReference; fileEncoding = 4; lastKnownFileType = sourcecode.swift; name = RNPieChartManager.swift; path = "../node_modules/react-native-ios-charts/RNiOSCharts/RNPieChartManager.swift"; sourceTree = "<group>"; };
		84824BC81D53759300A9A3D1 /* RNRadarChart.h */ = {isa = PBXFileReference; fileEncoding = 4; lastKnownFileType = sourcecode.c.h; name = RNRadarChart.h; path = "../node_modules/react-native-ios-charts/RNiOSCharts/RNRadarChart.h"; sourceTree = "<group>"; };
		84824BC91D53759300A9A3D1 /* RNRadarChart.m */ = {isa = PBXFileReference; fileEncoding = 4; lastKnownFileType = sourcecode.c.objc; name = RNRadarChart.m; path = "../node_modules/react-native-ios-charts/RNiOSCharts/RNRadarChart.m"; sourceTree = "<group>"; };
		84824BCA1D53759300A9A3D1 /* RNRadarChart.swift */ = {isa = PBXFileReference; fileEncoding = 4; lastKnownFileType = sourcecode.swift; name = RNRadarChart.swift; path = "../node_modules/react-native-ios-charts/RNiOSCharts/RNRadarChart.swift"; sourceTree = "<group>"; };
		84824BCB1D53759300A9A3D1 /* RNRadarChartManager.swift */ = {isa = PBXFileReference; fileEncoding = 4; lastKnownFileType = sourcecode.swift; name = RNRadarChartManager.swift; path = "../node_modules/react-native-ios-charts/RNiOSCharts/RNRadarChartManager.swift"; sourceTree = "<group>"; };
		84824BCC1D53759300A9A3D1 /* RNScatterChart.h */ = {isa = PBXFileReference; fileEncoding = 4; lastKnownFileType = sourcecode.c.h; name = RNScatterChart.h; path = "../node_modules/react-native-ios-charts/RNiOSCharts/RNScatterChart.h"; sourceTree = "<group>"; };
		84824BCD1D53759300A9A3D1 /* RNScatterChart.m */ = {isa = PBXFileReference; fileEncoding = 4; lastKnownFileType = sourcecode.c.objc; name = RNScatterChart.m; path = "../node_modules/react-native-ios-charts/RNiOSCharts/RNScatterChart.m"; sourceTree = "<group>"; };
		84824BCE1D53759300A9A3D1 /* RNScatterChart.swift */ = {isa = PBXFileReference; fileEncoding = 4; lastKnownFileType = sourcecode.swift; name = RNScatterChart.swift; path = "../node_modules/react-native-ios-charts/RNiOSCharts/RNScatterChart.swift"; sourceTree = "<group>"; };
		84824BCF1D53759300A9A3D1 /* RNScatterChartManager.swift */ = {isa = PBXFileReference; fileEncoding = 4; lastKnownFileType = sourcecode.swift; name = RNScatterChartManager.swift; path = "../node_modules/react-native-ios-charts/RNiOSCharts/RNScatterChartManager.swift"; sourceTree = "<group>"; };
		8494ED151D61EC1C008B8E7E /* RNSound.xcodeproj */ = {isa = PBXFileReference; lastKnownFileType = "wrapper.pb-project"; name = RNSound.xcodeproj; path = "../node_modules/react-native-sound/RNSound.xcodeproj"; sourceTree = "<group>"; };
		8494ED4D1D61EEF9008B8E7E /* sounds */ = {isa = PBXFileReference; lastKnownFileType = folder; name = sounds; path = ../sounds; sourceTree = "<group>"; };
		849C31BA1D41443C0097CB36 /* ART.xcodeproj */ = {isa = PBXFileReference; lastKnownFileType = "wrapper.pb-project"; name = ART.xcodeproj; path = "../node_modules/react-native/Libraries/ART/ART.xcodeproj"; sourceTree = "<group>"; };
		8B973CDA360C4BF1B6E4D026 /* FontAwesome.ttf */ = {isa = PBXFileReference; explicitFileType = undefined; fileEncoding = 9; includeInIndex = 0; lastKnownFileType = unknown; name = FontAwesome.ttf; path = "../node_modules/react-native-vector-icons/Fonts/FontAwesome.ttf"; sourceTree = "<group>"; };
		938FD9977D1735DEB15300EE /* Pods-Cami.release.xcconfig */ = {isa = PBXFileReference; includeInIndex = 1; lastKnownFileType = text.xcconfig; name = "Pods-Cami.release.xcconfig"; path = "Pods/Target Support Files/Pods-Cami/Pods-Cami.release.xcconfig"; sourceTree = "<group>"; };
		9415B0009BE041CA934C3E1A /* Foundation.ttf */ = {isa = PBXFileReference; explicitFileType = undefined; fileEncoding = 9; includeInIndex = 0; lastKnownFileType = unknown; name = Foundation.ttf; path = "../node_modules/react-native-vector-icons/Fonts/Foundation.ttf"; sourceTree = "<group>"; };
		9D206714B04A06F143F35452 /* Pods_CamiTests.framework */ = {isa = PBXFileReference; explicitFileType = wrapper.framework; includeInIndex = 0; path = Pods_CamiTests.framework; sourceTree = BUILT_PRODUCTS_DIR; };
		9D5BB39EEE0F4E53878141DC /* libRNBlur.a */ = {isa = PBXFileReference; explicitFileType = undefined; fileEncoding = 9; includeInIndex = 0; lastKnownFileType = archive.ar; path = libRNBlur.a; sourceTree = "<group>"; };
		A6B9E6C0DFE2F02CCAEEE3A0 /* Pods_Cami.framework */ = {isa = PBXFileReference; explicitFileType = wrapper.framework; includeInIndex = 0; path = Pods_Cami.framework; sourceTree = BUILT_PRODUCTS_DIR; };
		B01F06020DE6415DA0D29B8F /* EvilIcons.ttf */ = {isa = PBXFileReference; explicitFileType = undefined; fileEncoding = 9; includeInIndex = 0; lastKnownFileType = unknown; name = EvilIcons.ttf; path = "../node_modules/react-native-vector-icons/Fonts/EvilIcons.ttf"; sourceTree = "<group>"; };
		BE9FAEE2CCA649F598F46139 /* RNBlur.xcodeproj */ = {isa = PBXFileReference; explicitFileType = undefined; fileEncoding = 9; includeInIndex = 0; lastKnownFileType = "wrapper.pb-project"; name = RNBlur.xcodeproj; path = "../node_modules/react-native-blur/ios/RNBlur.xcodeproj"; sourceTree = "<group>"; };
		BF26C2189612698CD62FF4C1 /* Pods-CamiTests.debug.xcconfig */ = {isa = PBXFileReference; includeInIndex = 1; lastKnownFileType = text.xcconfig; name = "Pods-CamiTests.debug.xcconfig"; path = "Pods/Target Support Files/Pods-CamiTests/Pods-CamiTests.debug.xcconfig"; sourceTree = "<group>"; };
		D50692D4E0DD0735E687BCD2 /* Pods-Cami.debug.xcconfig */ = {isa = PBXFileReference; includeInIndex = 1; lastKnownFileType = text.xcconfig; name = "Pods-Cami.debug.xcconfig"; path = "Pods/Target Support Files/Pods-Cami/Pods-Cami.debug.xcconfig"; sourceTree = "<group>"; };
		E5706C86F48645A29588E76F /* MaterialIcons.ttf */ = {isa = PBXFileReference; explicitFileType = undefined; fileEncoding = 9; includeInIndex = 0; lastKnownFileType = unknown; name = MaterialIcons.ttf; path = "../node_modules/react-native-vector-icons/Fonts/MaterialIcons.ttf"; sourceTree = "<group>"; };
		F4CE278D9E0443ABABE2D2B7 /* Ionicons.ttf */ = {isa = PBXFileReference; explicitFileType = undefined; fileEncoding = 9; includeInIndex = 0; lastKnownFileType = unknown; name = Ionicons.ttf; path = "../node_modules/react-native-vector-icons/Fonts/Ionicons.ttf"; sourceTree = "<group>"; };
		FAFCF0DEC791421C892DA4E0 /* Entypo.ttf */ = {isa = PBXFileReference; explicitFileType = undefined; fileEncoding = 9; includeInIndex = 0; lastKnownFileType = unknown; name = Entypo.ttf; path = "../node_modules/react-native-vector-icons/Fonts/Entypo.ttf"; sourceTree = "<group>"; };
		FEC5CBA1B45F4EDD80CDABFD /* Zocial.ttf */ = {isa = PBXFileReference; explicitFileType = undefined; fileEncoding = 9; includeInIndex = 0; lastKnownFileType = unknown; name = Zocial.ttf; path = "../node_modules/react-native-vector-icons/Fonts/Zocial.ttf"; sourceTree = "<group>"; };
/* End PBXFileReference section */

/* Begin PBXFrameworksBuildPhase section */
		00E356EB1AD99517003FC87E /* Frameworks */ = {
			isa = PBXFrameworksBuildPhase;
			buildActionMask = 2147483647;
			files = (
				4FFF34BC17FA3061F9B55D5B /* Pods_CamiTests.framework in Frameworks */,
			);
			runOnlyForDeploymentPostprocessing = 0;
		};
		13B07F8C1A680F5B00A75B9A /* Frameworks */ = {
			isa = PBXFrameworksBuildPhase;
			buildActionMask = 2147483647;
			files = (
				337569C61D92873D006125FC /* libA0RNLock.a in Frameworks */,
				8494ED291D61EC3E008B8E7E /* libRNSound.a in Frameworks */,
				849C31C01D41445F0097CB36 /* libART.a in Frameworks */,
				146834051AC3E58100842450 /* libReact.a in Frameworks */,
				00C302E51ABCBA2D00DB3ED1 /* libRCTActionSheet.a in Frameworks */,
				00C302E71ABCBA2D00DB3ED1 /* libRCTGeolocation.a in Frameworks */,
				00C302E81ABCBA2D00DB3ED1 /* libRCTImage.a in Frameworks */,
				133E29F31AD74F7200F7D852 /* libRCTLinking.a in Frameworks */,
				00C302E91ABCBA2D00DB3ED1 /* libRCTNetwork.a in Frameworks */,
				139105C61AF99C1200B5F7CC /* libRCTSettings.a in Frameworks */,
				832341BD1AAA6AB300B99B32 /* libRCTText.a in Frameworks */,
				00C302EA1ABCBA2D00DB3ED1 /* libRCTVibration.a in Frameworks */,
				139FDEF61B0652A700C62182 /* libRCTWebSocket.a in Frameworks */,
				AE7C539A0DC94CF18B2D4C70 /* libRNBlur.a in Frameworks */,
				D361894B649845808138D428 /* libRNVectorIcons.a in Frameworks */,
				F4452C737A31C24665190D56 /* Pods_Cami.framework in Frameworks */,
			);
			runOnlyForDeploymentPostprocessing = 0;
		};
/* End PBXFrameworksBuildPhase section */

/* Begin PBXGroup section */
		00C302A81ABCB8CE00DB3ED1 /* Products */ = {
			isa = PBXGroup;
			children = (
				00C302AC1ABCB8CE00DB3ED1 /* libRCTActionSheet.a */,
			);
			name = Products;
			sourceTree = "<group>";
		};
		00C302B61ABCB90400DB3ED1 /* Products */ = {
			isa = PBXGroup;
			children = (
				00C302BA1ABCB90400DB3ED1 /* libRCTGeolocation.a */,
			);
			name = Products;
			sourceTree = "<group>";
		};
		00C302BC1ABCB91800DB3ED1 /* Products */ = {
			isa = PBXGroup;
			children = (
				00C302C01ABCB91800DB3ED1 /* libRCTImage.a */,
			);
			name = Products;
			sourceTree = "<group>";
		};
		00C302D41ABCB9D200DB3ED1 /* Products */ = {
			isa = PBXGroup;
			children = (
				00C302DC1ABCB9D200DB3ED1 /* libRCTNetwork.a */,
			);
			name = Products;
			sourceTree = "<group>";
		};
		00C302E01ABCB9EE00DB3ED1 /* Products */ = {
			isa = PBXGroup;
			children = (
				00C302E41ABCB9EE00DB3ED1 /* libRCTVibration.a */,
			);
			name = Products;
			sourceTree = "<group>";
		};
		00E356EF1AD99517003FC87E /* CamiTests */ = {
			isa = PBXGroup;
			children = (
				00E356F21AD99517003FC87E /* CamiTests.m */,
				00E356F01AD99517003FC87E /* Supporting Files */,
			);
			path = CamiTests;
			sourceTree = "<group>";
		};
		00E356F01AD99517003FC87E /* Supporting Files */ = {
			isa = PBXGroup;
			children = (
				00E356F11AD99517003FC87E /* Info.plist */,
			);
			name = "Supporting Files";
			sourceTree = "<group>";
		};
		139105B71AF99BAD00B5F7CC /* Products */ = {
			isa = PBXGroup;
			children = (
				139105C11AF99BAD00B5F7CC /* libRCTSettings.a */,
			);
			name = Products;
			sourceTree = "<group>";
		};
		139FDEE71B06529A00C62182 /* Products */ = {
			isa = PBXGroup;
			children = (
				139FDEF41B06529B00C62182 /* libRCTWebSocket.a */,
			);
			name = Products;
			sourceTree = "<group>";
		};
		13B07FAE1A68108700A75B9A /* Cami */ = {
			isa = PBXGroup;
			children = (
				84824BA61D53759300A9A3D1 /* ABNumberFormatter.swift */,
				84824BA71D53759300A9A3D1 /* BarLineChartViewBaseExtension.swift */,
				84824BA81D53759300A9A3D1 /* chartDataHelpers.swift */,
				84824BA91D53759300A9A3D1 /* ChartViewBaseExtension.swift */,
				84824BAA1D53759300A9A3D1 /* PieRadarChartViewBaseExtension.swift */,
				84824BAB1D53759300A9A3D1 /* RCTIOSCharts-Bridging-Header.h */,
				84824BAC1D53759300A9A3D1 /* RNBarChart.h */,
				84824BAD1D53759300A9A3D1 /* RNBarChart.m */,
				84824BAE1D53759300A9A3D1 /* RNBarChart.swift */,
				84824BAF1D53759300A9A3D1 /* RNBarChartManager.swift */,
				84824BB01D53759300A9A3D1 /* RNBubbleChart.h */,
				84824BB11D53759300A9A3D1 /* RNBubbleChart.m */,
				84824BB21D53759300A9A3D1 /* RNBubbleChart.swift */,
				84824BB31D53759300A9A3D1 /* RNBubbleChartManager.swift */,
				84824BB41D53759300A9A3D1 /* RNCandleChartManager.swift */,
				84824BB51D53759300A9A3D1 /* RNCandleStickChart.h */,
				84824BB61D53759300A9A3D1 /* RNCandleStickChart.m */,
				84824BB71D53759300A9A3D1 /* RNCandleStickChart.swift */,
				84824BB81D53759300A9A3D1 /* RNCombinedChart.h */,
				84824BB91D53759300A9A3D1 /* RNCombinedChart.m */,
				84824BBA1D53759300A9A3D1 /* RNCombinedChart.swift */,
				84824BBB1D53759300A9A3D1 /* RNCombinedChartManager.swift */,
				84824BBC1D53759300A9A3D1 /* RNHorizontalBarChart.h */,
				84824BBD1D53759300A9A3D1 /* RNHorizontalBarChart.m */,
				84824BBE1D53759300A9A3D1 /* RNHorizontalBarChart.swift */,
				84824BBF1D53759300A9A3D1 /* RNHorizontalBarChartManager.swift */,
				84824BC01D53759300A9A3D1 /* RNLineChart.h */,
				84824BC11D53759300A9A3D1 /* RNLineChart.m */,
				84824BC21D53759300A9A3D1 /* RNLineChart.swift */,
				84824BC31D53759300A9A3D1 /* RNLineChartManager.swift */,
				84824BC41D53759300A9A3D1 /* RNPieChart.h */,
				84824BC51D53759300A9A3D1 /* RNPieChart.m */,
				84824BC61D53759300A9A3D1 /* RNPieChart.swift */,
				84824BC71D53759300A9A3D1 /* RNPieChartManager.swift */,
				84824BC81D53759300A9A3D1 /* RNRadarChart.h */,
				84824BC91D53759300A9A3D1 /* RNRadarChart.m */,
				84824BCA1D53759300A9A3D1 /* RNRadarChart.swift */,
				84824BCB1D53759300A9A3D1 /* RNRadarChartManager.swift */,
				84824BCC1D53759300A9A3D1 /* RNScatterChart.h */,
				84824BCD1D53759300A9A3D1 /* RNScatterChart.m */,
				84824BCE1D53759300A9A3D1 /* RNScatterChart.swift */,
				84824BCF1D53759300A9A3D1 /* RNScatterChartManager.swift */,
				008F07F21AC5B25A0029DE68 /* main.jsbundle */,
				13B07FAF1A68108700A75B9A /* AppDelegate.h */,
				13B07FB01A68108700A75B9A /* AppDelegate.m */,
				13B07FB51A68108700A75B9A /* Images.xcassets */,
				13B07FB61A68108700A75B9A /* Info.plist */,
				13B07FB11A68108700A75B9A /* LaunchScreen.xib */,
				13B07FB71A68108700A75B9A /* main.m */,
				84824B981D53759300A9A3D1 /* Cami-Bridging-Header.h */,
			);
			name = Cami;
			sourceTree = "<group>";
		};
		146834001AC3E56700842450 /* Products */ = {
			isa = PBXGroup;
			children = (
				146834041AC3E56700842450 /* libReact.a */,
			);
			name = Products;
			sourceTree = "<group>";
		};
		338AADEA1D926E140037FBFE /* Products */ = {
			isa = PBXGroup;
			children = (
				338AADEE1D926E140037FBFE /* libA0RNLock.a */,
			);
			name = Products;
			sourceTree = "<group>";
		};
		78C398B11ACF4ADC00677621 /* Products */ = {
			isa = PBXGroup;
			children = (
				78C398B91ACF4ADC00677621 /* libRCTLinking.a */,
			);
			name = Products;
			sourceTree = "<group>";
		};
		832341AE1AAA6A7D00B99B32 /* Libraries */ = {
			isa = PBXGroup;
			children = (
				338AADE91D926E140037FBFE /* A0RNLock.xcodeproj */,
				8494ED151D61EC1C008B8E7E /* RNSound.xcodeproj */,
				849C31BA1D41443C0097CB36 /* ART.xcodeproj */,
				146833FF1AC3E56700842450 /* React.xcodeproj */,
				00C302A71ABCB8CE00DB3ED1 /* RCTActionSheet.xcodeproj */,
				00C302B51ABCB90400DB3ED1 /* RCTGeolocation.xcodeproj */,
				00C302BB1ABCB91800DB3ED1 /* RCTImage.xcodeproj */,
				78C398B01ACF4ADC00677621 /* RCTLinking.xcodeproj */,
				00C302D31ABCB9D200DB3ED1 /* RCTNetwork.xcodeproj */,
				139105B61AF99BAD00B5F7CC /* RCTSettings.xcodeproj */,
				832341B01AAA6A8300B99B32 /* RCTText.xcodeproj */,
				00C302DF1ABCB9EE00DB3ED1 /* RCTVibration.xcodeproj */,
				139FDEE61B06529A00C62182 /* RCTWebSocket.xcodeproj */,
				BE9FAEE2CCA649F598F46139 /* RNBlur.xcodeproj */,
				1CC4DFA7AB3E43588029ECDC /* RNVectorIcons.xcodeproj */,
			);
			name = Libraries;
			sourceTree = "<group>";
		};
		832341B11AAA6A8300B99B32 /* Products */ = {
			isa = PBXGroup;
			children = (
				832341B51AAA6A8300B99B32 /* libRCTText.a */,
			);
			name = Products;
			sourceTree = "<group>";
		};
		83CBB9F61A601CBA00E9B192 = {
			isa = PBXGroup;
			children = (
				8494ED4D1D61EEF9008B8E7E /* sounds */,
				13B07FAE1A68108700A75B9A /* Cami */,
				832341AE1AAA6A7D00B99B32 /* Libraries */,
				00E356EF1AD99517003FC87E /* CamiTests */,
				83CBBA001A601CBA00E9B192 /* Products */,
				C17771E531B2BBCE2B361176 /* Pods */,
				E82F99E76E8731D85B98B159 /* Frameworks */,
				AFBDCDE22E7A40F18520B5AF /* Resources */,
			);
			indentWidth = 2;
			sourceTree = "<group>";
			tabWidth = 2;
		};
		83CBBA001A601CBA00E9B192 /* Products */ = {
			isa = PBXGroup;
			children = (
				13B07F961A680F5B00A75B9A /* Cami.app */,
				00E356EE1AD99517003FC87E /* CamiTests.xctest */,
			);
			name = Products;
			sourceTree = "<group>";
		};
		8494ED161D61EC1C008B8E7E /* Products */ = {
			isa = PBXGroup;
			children = (
				8494ED271D61EC1D008B8E7E /* libRNSound.a */,
			);
			name = Products;
			sourceTree = "<group>";
		};
		849C31AB1D4144050097CB36 /* Products */ = {
			isa = PBXGroup;
			children = (
				849C31B91D4144060097CB36 /* libRNBlur.a */,
			);
			name = Products;
			sourceTree = "<group>";
		};
		849C31BB1D41443C0097CB36 /* Products */ = {
			isa = PBXGroup;
			children = (
				849C31BF1D41443D0097CB36 /* libART.a */,
			);
			name = Products;
			sourceTree = "<group>";
		};
		A21295791D421FCE00F579A7 /* Products */ = {
			isa = PBXGroup;
			children = (
				A21295891D421FCE00F579A7 /* libRNVectorIcons.a */,
			);
			name = Products;
			sourceTree = "<group>";
		};
		AFBDCDE22E7A40F18520B5AF /* Resources */ = {
			isa = PBXGroup;
			children = (
				FAFCF0DEC791421C892DA4E0 /* Entypo.ttf */,
				B01F06020DE6415DA0D29B8F /* EvilIcons.ttf */,
				8B973CDA360C4BF1B6E4D026 /* FontAwesome.ttf */,
				9415B0009BE041CA934C3E1A /* Foundation.ttf */,
				F4CE278D9E0443ABABE2D2B7 /* Ionicons.ttf */,
				E5706C86F48645A29588E76F /* MaterialIcons.ttf */,
				1BE5FA6199C64797A7246756 /* Octicons.ttf */,
				FEC5CBA1B45F4EDD80CDABFD /* Zocial.ttf */,
			);
			name = Resources;
			sourceTree = "<group>";
		};
		C17771E531B2BBCE2B361176 /* Pods */ = {
			isa = PBXGroup;
			children = (
				D50692D4E0DD0735E687BCD2 /* Pods-Cami.debug.xcconfig */,
				938FD9977D1735DEB15300EE /* Pods-Cami.release.xcconfig */,
				BF26C2189612698CD62FF4C1 /* Pods-CamiTests.debug.xcconfig */,
				1A3873B0FFF34BF8F6900569 /* Pods-CamiTests.release.xcconfig */,
			);
			name = Pods;
			sourceTree = "<group>";
		};
		E82F99E76E8731D85B98B159 /* Frameworks */ = {
			isa = PBXGroup;
			children = (
				A6B9E6C0DFE2F02CCAEEE3A0 /* Pods_Cami.framework */,
				9D206714B04A06F143F35452 /* Pods_CamiTests.framework */,
			);
			name = Frameworks;
			sourceTree = "<group>";
		};
/* End PBXGroup section */

/* Begin PBXNativeTarget section */
		00E356ED1AD99517003FC87E /* CamiTests */ = {
			isa = PBXNativeTarget;
			buildConfigurationList = 00E357021AD99517003FC87E /* Build configuration list for PBXNativeTarget "CamiTests" */;
			buildPhases = (
				0E3B9DE533C781B2F075D6D7 /* [CP] Check Pods Manifest.lock */,
				00E356EA1AD99517003FC87E /* Sources */,
				00E356EB1AD99517003FC87E /* Frameworks */,
				00E356EC1AD99517003FC87E /* Resources */,
				A5C4EC7EF2D5B18A3B233F4B /* [CP] Embed Pods Frameworks */,
				CCAF40470733BC04909E5310 /* [CP] Copy Pods Resources */,
			);
			buildRules = (
			);
			dependencies = (
				00E356F51AD99517003FC87E /* PBXTargetDependency */,
			);
			name = CamiTests;
			productName = CamiTests;
			productReference = 00E356EE1AD99517003FC87E /* CamiTests.xctest */;
			productType = "com.apple.product-type.bundle.unit-test";
		};
		13B07F861A680F5B00A75B9A /* Cami */ = {
			isa = PBXNativeTarget;
			buildConfigurationList = 13B07F931A680F5B00A75B9A /* Build configuration list for PBXNativeTarget "Cami" */;
			buildPhases = (
				98EAEF8AC12B4BC7892DB9B9 /* [CP] Check Pods Manifest.lock */,
				13B07F871A680F5B00A75B9A /* Sources */,
				13B07F8C1A680F5B00A75B9A /* Frameworks */,
				13B07F8E1A680F5B00A75B9A /* Resources */,
				00DD1BFF1BD5951E006B06BC /* Bundle React Native code and images */,
				27A9C0C7F07A81753CC7FD4F /* [CP] Embed Pods Frameworks */,
				3F007284397F85AD6CF9BF16 /* [CP] Copy Pods Resources */,
			);
			buildRules = (
			);
			dependencies = (
			);
			name = Cami;
			productName = "Hello World";
			productReference = 13B07F961A680F5B00A75B9A /* Cami.app */;
			productType = "com.apple.product-type.application";
		};
/* End PBXNativeTarget section */

/* Begin PBXProject section */
		83CBB9F71A601CBA00E9B192 /* Project object */ = {
			isa = PBXProject;
			attributes = {
				LastSwiftUpdateCheck = 730;
				LastUpgradeCheck = 0800;
				ORGANIZATIONNAME = Facebook;
				TargetAttributes = {
					00E356ED1AD99517003FC87E = {
						CreatedOnToolsVersion = 6.2;
						TestTargetID = 13B07F861A680F5B00A75B9A;
					};
					13B07F861A680F5B00A75B9A = {
						DevelopmentTeam = 83Q467VS4Q;
					};
				};
			};
			buildConfigurationList = 83CBB9FA1A601CBA00E9B192 /* Build configuration list for PBXProject "Cami" */;
			compatibilityVersion = "Xcode 3.2";
			developmentRegion = English;
			hasScannedForEncodings = 0;
			knownRegions = (
				en,
				Base,
			);
			mainGroup = 83CBB9F61A601CBA00E9B192;
			productRefGroup = 83CBBA001A601CBA00E9B192 /* Products */;
			projectDirPath = "";
			projectReferences = (
				{
					ProductGroup = 338AADEA1D926E140037FBFE /* Products */;
					ProjectRef = 338AADE91D926E140037FBFE /* A0RNLock.xcodeproj */;
				},
				{
					ProductGroup = 849C31BB1D41443C0097CB36 /* Products */;
					ProjectRef = 849C31BA1D41443C0097CB36 /* ART.xcodeproj */;
				},
				{
					ProductGroup = 00C302A81ABCB8CE00DB3ED1 /* Products */;
					ProjectRef = 00C302A71ABCB8CE00DB3ED1 /* RCTActionSheet.xcodeproj */;
				},
				{
					ProductGroup = 00C302B61ABCB90400DB3ED1 /* Products */;
					ProjectRef = 00C302B51ABCB90400DB3ED1 /* RCTGeolocation.xcodeproj */;
				},
				{
					ProductGroup = 00C302BC1ABCB91800DB3ED1 /* Products */;
					ProjectRef = 00C302BB1ABCB91800DB3ED1 /* RCTImage.xcodeproj */;
				},
				{
					ProductGroup = 78C398B11ACF4ADC00677621 /* Products */;
					ProjectRef = 78C398B01ACF4ADC00677621 /* RCTLinking.xcodeproj */;
				},
				{
					ProductGroup = 00C302D41ABCB9D200DB3ED1 /* Products */;
					ProjectRef = 00C302D31ABCB9D200DB3ED1 /* RCTNetwork.xcodeproj */;
				},
				{
					ProductGroup = 139105B71AF99BAD00B5F7CC /* Products */;
					ProjectRef = 139105B61AF99BAD00B5F7CC /* RCTSettings.xcodeproj */;
				},
				{
					ProductGroup = 832341B11AAA6A8300B99B32 /* Products */;
					ProjectRef = 832341B01AAA6A8300B99B32 /* RCTText.xcodeproj */;
				},
				{
					ProductGroup = 00C302E01ABCB9EE00DB3ED1 /* Products */;
					ProjectRef = 00C302DF1ABCB9EE00DB3ED1 /* RCTVibration.xcodeproj */;
				},
				{
					ProductGroup = 139FDEE71B06529A00C62182 /* Products */;
					ProjectRef = 139FDEE61B06529A00C62182 /* RCTWebSocket.xcodeproj */;
				},
				{
					ProductGroup = 146834001AC3E56700842450 /* Products */;
					ProjectRef = 146833FF1AC3E56700842450 /* React.xcodeproj */;
				},
				{
					ProductGroup = 849C31AB1D4144050097CB36 /* Products */;
					ProjectRef = BE9FAEE2CCA649F598F46139 /* RNBlur.xcodeproj */;
				},
				{
					ProductGroup = 8494ED161D61EC1C008B8E7E /* Products */;
					ProjectRef = 8494ED151D61EC1C008B8E7E /* RNSound.xcodeproj */;
				},
				{
					ProductGroup = A21295791D421FCE00F579A7 /* Products */;
					ProjectRef = 1CC4DFA7AB3E43588029ECDC /* RNVectorIcons.xcodeproj */;
				},
			);
			projectRoot = "";
			targets = (
				13B07F861A680F5B00A75B9A /* Cami */,
				00E356ED1AD99517003FC87E /* CamiTests */,
			);
		};
/* End PBXProject section */

/* Begin PBXReferenceProxy section */
		00C302AC1ABCB8CE00DB3ED1 /* libRCTActionSheet.a */ = {
			isa = PBXReferenceProxy;
			fileType = archive.ar;
			path = libRCTActionSheet.a;
			remoteRef = 00C302AB1ABCB8CE00DB3ED1 /* PBXContainerItemProxy */;
			sourceTree = BUILT_PRODUCTS_DIR;
		};
		00C302BA1ABCB90400DB3ED1 /* libRCTGeolocation.a */ = {
			isa = PBXReferenceProxy;
			fileType = archive.ar;
			path = libRCTGeolocation.a;
			remoteRef = 00C302B91ABCB90400DB3ED1 /* PBXContainerItemProxy */;
			sourceTree = BUILT_PRODUCTS_DIR;
		};
		00C302C01ABCB91800DB3ED1 /* libRCTImage.a */ = {
			isa = PBXReferenceProxy;
			fileType = archive.ar;
			path = libRCTImage.a;
			remoteRef = 00C302BF1ABCB91800DB3ED1 /* PBXContainerItemProxy */;
			sourceTree = BUILT_PRODUCTS_DIR;
		};
		00C302DC1ABCB9D200DB3ED1 /* libRCTNetwork.a */ = {
			isa = PBXReferenceProxy;
			fileType = archive.ar;
			path = libRCTNetwork.a;
			remoteRef = 00C302DB1ABCB9D200DB3ED1 /* PBXContainerItemProxy */;
			sourceTree = BUILT_PRODUCTS_DIR;
		};
		00C302E41ABCB9EE00DB3ED1 /* libRCTVibration.a */ = {
			isa = PBXReferenceProxy;
			fileType = archive.ar;
			path = libRCTVibration.a;
			remoteRef = 00C302E31ABCB9EE00DB3ED1 /* PBXContainerItemProxy */;
			sourceTree = BUILT_PRODUCTS_DIR;
		};
		139105C11AF99BAD00B5F7CC /* libRCTSettings.a */ = {
			isa = PBXReferenceProxy;
			fileType = archive.ar;
			path = libRCTSettings.a;
			remoteRef = 139105C01AF99BAD00B5F7CC /* PBXContainerItemProxy */;
			sourceTree = BUILT_PRODUCTS_DIR;
		};
		139FDEF41B06529B00C62182 /* libRCTWebSocket.a */ = {
			isa = PBXReferenceProxy;
			fileType = archive.ar;
			path = libRCTWebSocket.a;
			remoteRef = 139FDEF31B06529B00C62182 /* PBXContainerItemProxy */;
			sourceTree = BUILT_PRODUCTS_DIR;
		};
		146834041AC3E56700842450 /* libReact.a */ = {
			isa = PBXReferenceProxy;
			fileType = archive.ar;
			path = libReact.a;
			remoteRef = 146834031AC3E56700842450 /* PBXContainerItemProxy */;
			sourceTree = BUILT_PRODUCTS_DIR;
		};
		338AADEE1D926E140037FBFE /* libA0RNLock.a */ = {
			isa = PBXReferenceProxy;
			fileType = archive.ar;
			path = libA0RNLock.a;
			remoteRef = 338AADED1D926E140037FBFE /* PBXContainerItemProxy */;
			sourceTree = BUILT_PRODUCTS_DIR;
		};
		78C398B91ACF4ADC00677621 /* libRCTLinking.a */ = {
			isa = PBXReferenceProxy;
			fileType = archive.ar;
			path = libRCTLinking.a;
			remoteRef = 78C398B81ACF4ADC00677621 /* PBXContainerItemProxy */;
			sourceTree = BUILT_PRODUCTS_DIR;
		};
		832341B51AAA6A8300B99B32 /* libRCTText.a */ = {
			isa = PBXReferenceProxy;
			fileType = archive.ar;
			path = libRCTText.a;
			remoteRef = 832341B41AAA6A8300B99B32 /* PBXContainerItemProxy */;
			sourceTree = BUILT_PRODUCTS_DIR;
		};
		8494ED271D61EC1D008B8E7E /* libRNSound.a */ = {
			isa = PBXReferenceProxy;
			fileType = archive.ar;
			path = libRNSound.a;
			remoteRef = 8494ED261D61EC1D008B8E7E /* PBXContainerItemProxy */;
			sourceTree = BUILT_PRODUCTS_DIR;
		};
		849C31B91D4144060097CB36 /* libRNBlur.a */ = {
			isa = PBXReferenceProxy;
			fileType = archive.ar;
			path = libRNBlur.a;
			remoteRef = 849C31B81D4144060097CB36 /* PBXContainerItemProxy */;
			sourceTree = BUILT_PRODUCTS_DIR;
		};
		849C31BF1D41443D0097CB36 /* libART.a */ = {
			isa = PBXReferenceProxy;
			fileType = archive.ar;
			path = libART.a;
			remoteRef = 849C31BE1D41443D0097CB36 /* PBXContainerItemProxy */;
			sourceTree = BUILT_PRODUCTS_DIR;
		};
		A21295891D421FCE00F579A7 /* libRNVectorIcons.a */ = {
			isa = PBXReferenceProxy;
			fileType = archive.ar;
			path = libRNVectorIcons.a;
			remoteRef = A21295881D421FCE00F579A7 /* PBXContainerItemProxy */;
			sourceTree = BUILT_PRODUCTS_DIR;
		};
/* End PBXReferenceProxy section */

/* Begin PBXResourcesBuildPhase section */
		00E356EC1AD99517003FC87E /* Resources */ = {
			isa = PBXResourcesBuildPhase;
			buildActionMask = 2147483647;
			files = (
			);
			runOnlyForDeploymentPostprocessing = 0;
		};
		13B07F8E1A680F5B00A75B9A /* Resources */ = {
			isa = PBXResourcesBuildPhase;
			buildActionMask = 2147483647;
			files = (
				13B07FBF1A68108700A75B9A /* Images.xcassets in Resources */,
				13B07FBD1A68108700A75B9A /* LaunchScreen.xib in Resources */,
				0FF2EC1E70F64A278DA8B6B6 /* Entypo.ttf in Resources */,
				5DFEF4A38E0B4D69986C7D1A /* EvilIcons.ttf in Resources */,
				EF5C67FF2FEA4B9B98DC4F2A /* FontAwesome.ttf in Resources */,
				8494ED4E1D61EEF9008B8E7E /* sounds in Resources */,
				1AB1EE910D984DBDA9D7D365 /* Foundation.ttf in Resources */,
				32520E06088C4B4BA11D69D3 /* Ionicons.ttf in Resources */,
				1AFAD049DAD3490DACCED403 /* MaterialIcons.ttf in Resources */,
				AE891D22B73E40B1AB815BF5 /* Octicons.ttf in Resources */,
				C3CC020A2E13449B82D422B1 /* Zocial.ttf in Resources */,
			);
			runOnlyForDeploymentPostprocessing = 0;
		};
/* End PBXResourcesBuildPhase section */

/* Begin PBXShellScriptBuildPhase section */
		00DD1BFF1BD5951E006B06BC /* Bundle React Native code and images */ = {
			isa = PBXShellScriptBuildPhase;
			buildActionMask = 2147483647;
			files = (
			);
			inputPaths = (
			);
			name = "Bundle React Native code and images";
			outputPaths = (
			);
			runOnlyForDeploymentPostprocessing = 0;
			shellPath = /bin/sh;
			shellScript = "export NODE_BINARY=node\n../node_modules/react-native/packager/react-native-xcode.sh";
		};
		0E3B9DE533C781B2F075D6D7 /* [CP] Check Pods Manifest.lock */ = {
			isa = PBXShellScriptBuildPhase;
			buildActionMask = 2147483647;
			files = (
			);
			inputPaths = (
			);
			name = "[CP] Check Pods Manifest.lock";
			outputPaths = (
			);
			runOnlyForDeploymentPostprocessing = 0;
			shellPath = /bin/sh;
			shellScript = "diff \"${PODS_ROOT}/../Podfile.lock\" \"${PODS_ROOT}/Manifest.lock\" > /dev/null\nif [[ $? != 0 ]] ; then\n    cat << EOM\nerror: The sandbox is not in sync with the Podfile.lock. Run 'pod install' or update your CocoaPods installation.\nEOM\n    exit 1\nfi\n";
			showEnvVarsInLog = 0;
		};
		27A9C0C7F07A81753CC7FD4F /* [CP] Embed Pods Frameworks */ = {
			isa = PBXShellScriptBuildPhase;
			buildActionMask = 2147483647;
			files = (
			);
			inputPaths = (
			);
			name = "[CP] Embed Pods Frameworks";
			outputPaths = (
			);
			runOnlyForDeploymentPostprocessing = 0;
			shellPath = /bin/sh;
			shellScript = "\"${SRCROOT}/Pods/Target Support Files/Pods-Cami/Pods-Cami-frameworks.sh\"\n";
			showEnvVarsInLog = 0;
		};
		3F007284397F85AD6CF9BF16 /* [CP] Copy Pods Resources */ = {
			isa = PBXShellScriptBuildPhase;
			buildActionMask = 2147483647;
			files = (
			);
			inputPaths = (
			);
			name = "[CP] Copy Pods Resources";
			outputPaths = (
			);
			runOnlyForDeploymentPostprocessing = 0;
			shellPath = /bin/sh;
			shellScript = "\"${SRCROOT}/Pods/Target Support Files/Pods-Cami/Pods-Cami-resources.sh\"\n";
			showEnvVarsInLog = 0;
		};
		98EAEF8AC12B4BC7892DB9B9 /* [CP] Check Pods Manifest.lock */ = {
			isa = PBXShellScriptBuildPhase;
			buildActionMask = 2147483647;
			files = (
			);
			inputPaths = (
			);
			name = "[CP] Check Pods Manifest.lock";
			outputPaths = (
			);
			runOnlyForDeploymentPostprocessing = 0;
			shellPath = /bin/sh;
			shellScript = "diff \"${PODS_ROOT}/../Podfile.lock\" \"${PODS_ROOT}/Manifest.lock\" > /dev/null\nif [[ $? != 0 ]] ; then\n    cat << EOM\nerror: The sandbox is not in sync with the Podfile.lock. Run 'pod install' or update your CocoaPods installation.\nEOM\n    exit 1\nfi\n";
			showEnvVarsInLog = 0;
		};
		A5C4EC7EF2D5B18A3B233F4B /* [CP] Embed Pods Frameworks */ = {
			isa = PBXShellScriptBuildPhase;
			buildActionMask = 2147483647;
			files = (
			);
			inputPaths = (
			);
			name = "[CP] Embed Pods Frameworks";
			outputPaths = (
			);
			runOnlyForDeploymentPostprocessing = 0;
			shellPath = /bin/sh;
			shellScript = "\"${SRCROOT}/Pods/Target Support Files/Pods-CamiTests/Pods-CamiTests-frameworks.sh\"\n";
			showEnvVarsInLog = 0;
		};
		CCAF40470733BC04909E5310 /* [CP] Copy Pods Resources */ = {
			isa = PBXShellScriptBuildPhase;
			buildActionMask = 2147483647;
			files = (
			);
			inputPaths = (
			);
			name = "[CP] Copy Pods Resources";
			outputPaths = (
			);
			runOnlyForDeploymentPostprocessing = 0;
			shellPath = /bin/sh;
			shellScript = "\"${SRCROOT}/Pods/Target Support Files/Pods-CamiTests/Pods-CamiTests-resources.sh\"\n";
			showEnvVarsInLog = 0;
		};
/* End PBXShellScriptBuildPhase section */

/* Begin PBXSourcesBuildPhase section */
		00E356EA1AD99517003FC87E /* Sources */ = {
			isa = PBXSourcesBuildPhase;
			buildActionMask = 2147483647;
			files = (
				00E356F31AD99517003FC87E /* CamiTests.m in Sources */,
			);
			runOnlyForDeploymentPostprocessing = 0;
		};
		13B07F871A680F5B00A75B9A /* Sources */ = {
			isa = PBXSourcesBuildPhase;
			buildActionMask = 2147483647;
			files = (
				84824BD91D53759300A9A3D1 /* RNBubbleChart.swift in Sources */,
				84824BDE1D53759300A9A3D1 /* RNCombinedChart.m in Sources */,
				84824BDC1D53759300A9A3D1 /* RNCandleStickChart.m in Sources */,
				84824BDF1D53759300A9A3D1 /* RNCombinedChart.swift in Sources */,
				84824BD11D53759300A9A3D1 /* BarLineChartViewBaseExtension.swift in Sources */,
				84824BD81D53759300A9A3D1 /* RNBubbleChart.m in Sources */,
				84824BE41D53759300A9A3D1 /* RNLineChart.m in Sources */,
				84824BE71D53759400A9A3D1 /* RNPieChart.m in Sources */,
				84824BD41D53759300A9A3D1 /* PieRadarChartViewBaseExtension.swift in Sources */,
				84824BD71D53759300A9A3D1 /* RNBarChartManager.swift in Sources */,
				84824BE31D53759300A9A3D1 /* RNHorizontalBarChartManager.swift in Sources */,
				84824BDA1D53759300A9A3D1 /* RNBubbleChartManager.swift in Sources */,
				84824BD61D53759300A9A3D1 /* RNBarChart.swift in Sources */,
				84824BEF1D53759400A9A3D1 /* RNScatterChartManager.swift in Sources */,
				84824BEC1D53759400A9A3D1 /* RNRadarChartManager.swift in Sources */,
				84824BEE1D53759400A9A3D1 /* RNScatterChart.swift in Sources */,
				84824BDB1D53759300A9A3D1 /* RNCandleChartManager.swift in Sources */,
				84824BD21D53759300A9A3D1 /* chartDataHelpers.swift in Sources */,
				84824BE51D53759400A9A3D1 /* RNLineChart.swift in Sources */,
				84824BDD1D53759300A9A3D1 /* RNCandleStickChart.swift in Sources */,
				84824BEA1D53759400A9A3D1 /* RNRadarChart.m in Sources */,
				84824BED1D53759400A9A3D1 /* RNScatterChart.m in Sources */,
				84824BE81D53759400A9A3D1 /* RNPieChart.swift in Sources */,
				84824BD31D53759300A9A3D1 /* ChartViewBaseExtension.swift in Sources */,
				84824BE11D53759300A9A3D1 /* RNHorizontalBarChart.m in Sources */,
				84824BD01D53759300A9A3D1 /* ABNumberFormatter.swift in Sources */,
				84824BE91D53759400A9A3D1 /* RNPieChartManager.swift in Sources */,
				13B07FBC1A68108700A75B9A /* AppDelegate.m in Sources */,
				84824BD51D53759300A9A3D1 /* RNBarChart.m in Sources */,
				84824BE61D53759400A9A3D1 /* RNLineChartManager.swift in Sources */,
				84824BE01D53759300A9A3D1 /* RNCombinedChartManager.swift in Sources */,
				84824BEB1D53759400A9A3D1 /* RNRadarChart.swift in Sources */,
				84824BE21D53759300A9A3D1 /* RNHorizontalBarChart.swift in Sources */,
				13B07FC11A68108700A75B9A /* main.m in Sources */,
			);
			runOnlyForDeploymentPostprocessing = 0;
		};
/* End PBXSourcesBuildPhase section */

/* Begin PBXTargetDependency section */
		00E356F51AD99517003FC87E /* PBXTargetDependency */ = {
			isa = PBXTargetDependency;
			target = 13B07F861A680F5B00A75B9A /* Cami */;
			targetProxy = 00E356F41AD99517003FC87E /* PBXContainerItemProxy */;
		};
/* End PBXTargetDependency section */

/* Begin PBXVariantGroup section */
		13B07FB11A68108700A75B9A /* LaunchScreen.xib */ = {
			isa = PBXVariantGroup;
			children = (
				13B07FB21A68108700A75B9A /* Base */,
			);
			name = LaunchScreen.xib;
			path = Cami;
			sourceTree = "<group>";
		};
/* End PBXVariantGroup section */

/* Begin XCBuildConfiguration section */
		00E356F61AD99517003FC87E /* Debug */ = {
			isa = XCBuildConfiguration;
			baseConfigurationReference = BF26C2189612698CD62FF4C1 /* Pods-CamiTests.debug.xcconfig */;
			buildSettings = {
				BUNDLE_LOADER = "$(TEST_HOST)";
				GCC_PREPROCESSOR_DEFINITIONS = (
					"DEBUG=1",
					"$(inherited)",
				);
				INFOPLIST_FILE = CamiTests/Info.plist;
				IPHONEOS_DEPLOYMENT_TARGET = 8.2;
				LD_RUNPATH_SEARCH_PATHS = "$(inherited) @executable_path/Frameworks @loader_path/Frameworks";
				LIBRARY_SEARCH_PATHS = (
					"$(inherited)",
					"\"$(SRCROOT)/$(TARGET_NAME)\"",
					"\"$(SRCROOT)/$(TARGET_NAME)\"",
					"\"$(SRCROOT)/$(TARGET_NAME)\"",
				);
				PRODUCT_NAME = "$(TARGET_NAME)";
				TEST_HOST = "$(BUILT_PRODUCTS_DIR)/Cami.app/Cami";
			};
			name = Debug;
		};
		00E356F71AD99517003FC87E /* Release */ = {
			isa = XCBuildConfiguration;
			baseConfigurationReference = 1A3873B0FFF34BF8F6900569 /* Pods-CamiTests.release.xcconfig */;
			buildSettings = {
				BUNDLE_LOADER = "$(TEST_HOST)";
				COPY_PHASE_STRIP = NO;
				INFOPLIST_FILE = CamiTests/Info.plist;
				IPHONEOS_DEPLOYMENT_TARGET = 8.2;
				LD_RUNPATH_SEARCH_PATHS = "$(inherited) @executable_path/Frameworks @loader_path/Frameworks";
				LIBRARY_SEARCH_PATHS = (
					"$(inherited)",
					"\"$(SRCROOT)/$(TARGET_NAME)\"",
					"\"$(SRCROOT)/$(TARGET_NAME)\"",
					"\"$(SRCROOT)/$(TARGET_NAME)\"",
				);
				PRODUCT_NAME = "$(TARGET_NAME)";
				TEST_HOST = "$(BUILT_PRODUCTS_DIR)/Cami.app/Cami";
			};
			name = Release;
		};
		13B07F941A680F5B00A75B9A /* Debug */ = {
			isa = XCBuildConfiguration;
			baseConfigurationReference = D50692D4E0DD0735E687BCD2 /* Pods-Cami.debug.xcconfig */;
			buildSettings = {
				ALWAYS_EMBED_SWIFT_STANDARD_LIBRARIES = YES;
				ASSETCATALOG_COMPILER_APPICON_NAME = AppIcon;
				CLANG_ENABLE_MODULES = YES;
				CODE_SIGN_IDENTITY = "iPhone Developer";
				"CODE_SIGN_IDENTITY[sdk=iphoneos*]" = "iPhone Developer";
				DEAD_CODE_STRIPPING = NO;
				HEADER_SEARCH_PATHS = (
					"$(inherited)",
					/Applications/Xcode.app/Contents/Developer/Toolchains/XcodeDefault.xctoolchain/usr/include,
					"$(SRCROOT)/../node_modules/react-native/React/**",
					"$(SRCROOT)/../node_modules/react-native-lock/A0RNLock/**",
					"$(SRCROOT)/../node_modules/react-native-blur/ios",
					"$(SRCROOT)/../node_modules/react-native-vector-icons/RNVectorIconsManager",
				);
				INFOPLIST_FILE = Cami/Info.plist;
				IPHONEOS_DEPLOYMENT_TARGET = 8.0;
				LD_RUNPATH_SEARCH_PATHS = "$(inherited) @executable_path/Frameworks";
				OTHER_LDFLAGS = (
					"-ObjC",
					"-lc++",
					"$(inherited)",
				);
				PRODUCT_BUNDLE_IDENTIFIER = com.pepperoni.Cami;
				PRODUCT_NAME = Cami;
				PROVISIONING_PROFILE = "";
				SWIFT_OBJC_BRIDGING_HEADER = "Cami-Bridging-Header.h";
				SWIFT_OPTIMIZATION_LEVEL = "-Onone";
				SWIFT_VERSION = 2.3;
			};
			name = Debug;
		};
		13B07F951A680F5B00A75B9A /* Release */ = {
			isa = XCBuildConfiguration;
			baseConfigurationReference = 938FD9977D1735DEB15300EE /* Pods-Cami.release.xcconfig */;
			buildSettings = {
				ALWAYS_EMBED_SWIFT_STANDARD_LIBRARIES = YES;
				ASSETCATALOG_COMPILER_APPICON_NAME = AppIcon;
				CLANG_ENABLE_MODULES = YES;
				CODE_SIGN_IDENTITY = "iPhone Developer";
				"CODE_SIGN_IDENTITY[sdk=iphoneos*]" = "iPhone Developer";
				HEADER_SEARCH_PATHS = (
					"$(inherited)",
					/Applications/Xcode.app/Contents/Developer/Toolchains/XcodeDefault.xctoolchain/usr/include,
					"$(SRCROOT)/../node_modules/react-native/React/**",
					"$(SRCROOT)/../node_modules/react-native-lock/A0RNLock/**",
					"$(SRCROOT)/../node_modules/react-native-blur/ios",
					"$(SRCROOT)/../node_modules/react-native-vector-icons/RNVectorIconsManager",
				);
				INFOPLIST_FILE = Cami/Info.plist;
				IPHONEOS_DEPLOYMENT_TARGET = 8.0;
				LD_RUNPATH_SEARCH_PATHS = "$(inherited) @executable_path/Frameworks";
				OTHER_LDFLAGS = (
					"-ObjC",
					"-lc++",
					"$(inherited)",
				);
				PRODUCT_BUNDLE_IDENTIFIER = com.pepperoni.Cami;
				PRODUCT_NAME = Cami;
				PROVISIONING_PROFILE = "";
				SWIFT_OBJC_BRIDGING_HEADER = "Cami-Bridging-Header.h";
				SWIFT_VERSION = 2.3;
			};
			name = Release;
		};
		83CBBA201A601CBA00E9B192 /* Debug */ = {
			isa = XCBuildConfiguration;
			buildSettings = {
				ALWAYS_SEARCH_USER_PATHS = NO;
				CLANG_CXX_LANGUAGE_STANDARD = "gnu++0x";
				CLANG_CXX_LIBRARY = "libc++";
				CLANG_ENABLE_MODULES = YES;
				CLANG_ENABLE_OBJC_ARC = YES;
				CLANG_WARN_BOOL_CONVERSION = YES;
				CLANG_WARN_CONSTANT_CONVERSION = YES;
				CLANG_WARN_DIRECT_OBJC_ISA_USAGE = YES_ERROR;
				CLANG_WARN_EMPTY_BODY = YES;
				CLANG_WARN_ENUM_CONVERSION = YES;
				CLANG_WARN_INFINITE_RECURSION = YES;
				CLANG_WARN_INT_CONVERSION = YES;
				CLANG_WARN_OBJC_ROOT_CLASS = YES_ERROR;
				CLANG_WARN_SUSPICIOUS_MOVE = YES;
				CLANG_WARN_UNREACHABLE_CODE = YES;
				CLANG_WARN__DUPLICATE_METHOD_MATCH = YES;
				"CODE_SIGN_IDENTITY[sdk=iphoneos*]" = "iPhone Developer";
				COPY_PHASE_STRIP = NO;
				ENABLE_STRICT_OBJC_MSGSEND = YES;
				ENABLE_TESTABILITY = YES;
				GCC_C_LANGUAGE_STANDARD = gnu99;
				GCC_DYNAMIC_NO_PIC = NO;
				GCC_NO_COMMON_BLOCKS = YES;
				GCC_OPTIMIZATION_LEVEL = 0;
				GCC_PREPROCESSOR_DEFINITIONS = (
					"DEBUG=1",
					"$(inherited)",
				);
				GCC_SYMBOLS_PRIVATE_EXTERN = NO;
				GCC_WARN_64_TO_32_BIT_CONVERSION = YES;
				GCC_WARN_ABOUT_RETURN_TYPE = YES_ERROR;
				GCC_WARN_UNDECLARED_SELECTOR = YES;
				GCC_WARN_UNINITIALIZED_AUTOS = YES_AGGRESSIVE;
				GCC_WARN_UNUSED_FUNCTION = YES;
				GCC_WARN_UNUSED_VARIABLE = YES;
				HEADER_SEARCH_PATHS = (
					"$(inherited)",
					/Applications/Xcode.app/Contents/Developer/Toolchains/XcodeDefault.xctoolchain/usr/include,
					"$(SRCROOT)/../node_modules/react-native/React/**",
					"$(SRCROOT)/../node_modules/react-native-lock/A0RNLock/**",
					"$(SRCROOT)/../node_modules/react-native-blur/ios",
					"$(SRCROOT)/../node_modules/react-native-vector-icons/RNVectorIconsManager",
				);
				IPHONEOS_DEPLOYMENT_TARGET = 8.0;
				MTL_ENABLE_DEBUG_INFO = YES;
				ONLY_ACTIVE_ARCH = YES;
				SDKROOT = iphoneos;
			};
			name = Debug;
		};
		83CBBA211A601CBA00E9B192 /* Release */ = {
			isa = XCBuildConfiguration;
			buildSettings = {
				ALWAYS_SEARCH_USER_PATHS = NO;
				CLANG_CXX_LANGUAGE_STANDARD = "gnu++0x";
				CLANG_CXX_LIBRARY = "libc++";
				CLANG_ENABLE_MODULES = YES;
				CLANG_ENABLE_OBJC_ARC = YES;
				CLANG_WARN_BOOL_CONVERSION = YES;
				CLANG_WARN_CONSTANT_CONVERSION = YES;
				CLANG_WARN_DIRECT_OBJC_ISA_USAGE = YES_ERROR;
				CLANG_WARN_EMPTY_BODY = YES;
				CLANG_WARN_ENUM_CONVERSION = YES;
				CLANG_WARN_INFINITE_RECURSION = YES;
				CLANG_WARN_INT_CONVERSION = YES;
				CLANG_WARN_OBJC_ROOT_CLASS = YES_ERROR;
				CLANG_WARN_SUSPICIOUS_MOVE = YES;
				CLANG_WARN_UNREACHABLE_CODE = YES;
				CLANG_WARN__DUPLICATE_METHOD_MATCH = YES;
				"CODE_SIGN_IDENTITY[sdk=iphoneos*]" = "iPhone Developer";
				COPY_PHASE_STRIP = YES;
				ENABLE_NS_ASSERTIONS = NO;
				ENABLE_STRICT_OBJC_MSGSEND = YES;
				GCC_C_LANGUAGE_STANDARD = gnu99;
				GCC_NO_COMMON_BLOCKS = YES;
				GCC_WARN_64_TO_32_BIT_CONVERSION = YES;
				GCC_WARN_ABOUT_RETURN_TYPE = YES_ERROR;
				GCC_WARN_UNDECLARED_SELECTOR = YES;
				GCC_WARN_UNINITIALIZED_AUTOS = YES_AGGRESSIVE;
				GCC_WARN_UNUSED_FUNCTION = YES;
				GCC_WARN_UNUSED_VARIABLE = YES;
				HEADER_SEARCH_PATHS = (
					"$(inherited)",
					/Applications/Xcode.app/Contents/Developer/Toolchains/XcodeDefault.xctoolchain/usr/include,
					"$(SRCROOT)/../node_modules/react-native/React/**",
					"$(SRCROOT)/../node_modules/react-native-lock/A0RNLock/**",
					"$(SRCROOT)/../node_modules/react-native-blur/ios",
					"$(SRCROOT)/../node_modules/react-native-vector-icons/RNVectorIconsManager",
				);
				IPHONEOS_DEPLOYMENT_TARGET = 8.0;
				MTL_ENABLE_DEBUG_INFO = NO;
				SDKROOT = iphoneos;
				SWIFT_OPTIMIZATION_LEVEL = "-Owholemodule";
				VALIDATE_PRODUCT = YES;
			};
			name = Release;
		};
/* End XCBuildConfiguration section */

/* Begin XCConfigurationList section */
		00E357021AD99517003FC87E /* Build configuration list for PBXNativeTarget "CamiTests" */ = {
			isa = XCConfigurationList;
			buildConfigurations = (
				00E356F61AD99517003FC87E /* Debug */,
				00E356F71AD99517003FC87E /* Release */,
			);
			defaultConfigurationIsVisible = 0;
			defaultConfigurationName = Release;
		};
		13B07F931A680F5B00A75B9A /* Build configuration list for PBXNativeTarget "Cami" */ = {
			isa = XCConfigurationList;
			buildConfigurations = (
				13B07F941A680F5B00A75B9A /* Debug */,
				13B07F951A680F5B00A75B9A /* Release */,
			);
			defaultConfigurationIsVisible = 0;
			defaultConfigurationName = Release;
		};
		83CBB9FA1A601CBA00E9B192 /* Build configuration list for PBXProject "Cami" */ = {
			isa = XCConfigurationList;
			buildConfigurations = (
				83CBBA201A601CBA00E9B192 /* Debug */,
				83CBBA211A601CBA00E9B192 /* Release */,
			);
			defaultConfigurationIsVisible = 0;
			defaultConfigurationName = Release;
		};
/* End XCConfigurationList section */
	};
	rootObject = 83CBB9F71A601CBA00E9B192 /* Project object */;
}
