Microsoft Visual Studio Solution File, Format Version 12.00
# Visual Studio 14
VisualStudioVersion = 14.0.25420.1
MinimumVisualStudioVersion = 10.0.40219.1
Project("{FAE04EC0-301F-11D3-BF4B-00C04F79EFBC}") = "DSS.RMQ", "DSS.RMQ\DSS.RMQ.csproj", "{728CCD8D-9438-4500-8407-8D86D20B5AA7}"
EndProject
Project("{FAE04EC0-301F-11D3-BF4B-00C04F79EFBC}") = "DSS.ExpertSystem", "DSS.ExpertSystem\DSS.ExpertSystem.csproj", "{7218D734-B4B4-4BEC-8DC7-006DA6FEDF9F}"
EndProject
Project("{FAE04EC0-301F-11D3-BF4B-00C04F79EFBC}") = "DSS.Delegate", "DSS.Delegate\DSS.Delegate.csproj", "{1E221878-FB21-409A-A2DE-9318BF4710FC}"
EndProject
Project("{FAE04EC0-301F-11D3-BF4B-00C04F79EFBC}") = "DSS.Main", "DSS.Main\DSS.Main.csproj", "{9BE56BF2-4117-4250-8D4F-F958088CF8D1}"
EndProject
Project("{FAE04EC0-301F-11D3-BF4B-00C04F79EFBC}") = "DSS.FuzzyInference.Playground", "DSS.FuzzyInference.Playground\DSS.FuzzyInference.Playground.csproj", "{F7646D2F-E370-4545-A43D-E9E1389A4A94}"
EndProject
Project("{FAE04EC0-301F-11D3-BF4B-00C04F79EFBC}") = "RMQ.Playground.Client", "RMQ.Playground.Client\RMQ.Playground.Client.csproj", "{084E00A0-E590-4ED2-A401-F0D036798168}"
EndProject
Project("{FAE04EC0-301F-11D3-BF4B-00C04F79EFBC}") = "RMQ.Playgorund.Receiver", "RMQ.Playgorund.Receiver\RMQ.Playgorund.Receiver.csproj", "{7F11A322-16F1-4947-A534-3CAF05FB24C7}"
EndProject
Project("{FAE04EC0-301F-11D3-BF4B-00C04F79EFBC}") = "RMQ.Playground.Serialization", "RMQ.Playground.Serialization\RMQ.Playground.Serialization.csproj", "{55208EF8-F2EF-43EF-81DB-939B0D8BE6C4}"
EndProject
Project("{FAE04EC0-301F-11D3-BF4B-00C04F79EFBC}") = "DSS.Rules.Library", "DSS.Rules.Library\DSS.Rules.Library.csproj", "{A171CA66-41CB-427E-B1D0-A0EBBFA73ED1}"
EndProject
Project("{FAE04EC0-301F-11D3-BF4B-00C04F79EFBC}") = "DSS.Tests", "DSS.Tests\DSS.Tests.csproj", "{17974768-25D6-4116-945C-2E43316B39A8}"
EndProject
Project("{9344BDBB-3E7F-41FC-A0DD-8665D75EE146}") = "DSS.FuzzyInference", "DSS.FuzzyInference\DSS.FuzzyInference.csproj", "{25337CAA-EBD1-406D-A521-CC67A0136AAA}"
EndProject
Project("{2150E333-8FDC-42A3-9474-1A3956D46DE8}") = "Deprecated", "Deprecated", "{C9DFB5CD-8A87-454C-8803-D263262894FC}"
EndProject
Global
	GlobalSection(SolutionConfigurationPlatforms) = preSolution
		Debug|Any CPU = Debug|Any CPU
		Debug|x86 = Debug|x86
		Release|Any CPU = Release|Any CPU
		Release|x86 = Release|x86
	EndGlobalSection
	GlobalSection(ProjectConfigurationPlatforms) = postSolution
		{728CCD8D-9438-4500-8407-8D86D20B5AA7}.Debug|Any CPU.ActiveCfg = Debug|x86
		{728CCD8D-9438-4500-8407-8D86D20B5AA7}.Debug|x86.ActiveCfg = Debug|x86
		{728CCD8D-9438-4500-8407-8D86D20B5AA7}.Debug|x86.Build.0 = Debug|x86
		{728CCD8D-9438-4500-8407-8D86D20B5AA7}.Release|Any CPU.ActiveCfg = Release|x86
		{728CCD8D-9438-4500-8407-8D86D20B5AA7}.Release|x86.ActiveCfg = Release|x86
		{728CCD8D-9438-4500-8407-8D86D20B5AA7}.Release|x86.Build.0 = Release|x86
		{728CCD8D-9438-4500-8407-8D86D20B5AA7}.Debug|Any CPU.Build.0 = Debug|x86
		{7218D734-B4B4-4BEC-8DC7-006DA6FEDF9F}.Debug|Any CPU.ActiveCfg = Debug|x86
		{7218D734-B4B4-4BEC-8DC7-006DA6FEDF9F}.Debug|x86.ActiveCfg = Debug|x86
		{7218D734-B4B4-4BEC-8DC7-006DA6FEDF9F}.Debug|x86.Build.0 = Debug|x86
		{7218D734-B4B4-4BEC-8DC7-006DA6FEDF9F}.Release|Any CPU.ActiveCfg = Release|x86
		{7218D734-B4B4-4BEC-8DC7-006DA6FEDF9F}.Release|x86.ActiveCfg = Release|x86
		{7218D734-B4B4-4BEC-8DC7-006DA6FEDF9F}.Release|x86.Build.0 = Release|x86
		{1E221878-FB21-409A-A2DE-9318BF4710FC}.Debug|Any CPU.ActiveCfg = Debug|Any CPU
		{1E221878-FB21-409A-A2DE-9318BF4710FC}.Debug|x86.ActiveCfg = Debug|Any CPU
		{1E221878-FB21-409A-A2DE-9318BF4710FC}.Debug|x86.Build.0 = Debug|Any CPU
		{1E221878-FB21-409A-A2DE-9318BF4710FC}.Release|Any CPU.ActiveCfg = Release|Any CPU
		{1E221878-FB21-409A-A2DE-9318BF4710FC}.Release|Any CPU.Build.0 = Release|Any CPU
		{1E221878-FB21-409A-A2DE-9318BF4710FC}.Release|x86.ActiveCfg = Release|Any CPU
		{1E221878-FB21-409A-A2DE-9318BF4710FC}.Release|x86.Build.0 = Release|Any CPU
		{1E221878-FB21-409A-A2DE-9318BF4710FC}.Debug|Any CPU.Build.0 = Debug|Any CPU
		{9BE56BF2-4117-4250-8D4F-F958088CF8D1}.Debug|Any CPU.ActiveCfg = Debug|x86
		{9BE56BF2-4117-4250-8D4F-F958088CF8D1}.Debug|x86.ActiveCfg = Debug|x86
		{9BE56BF2-4117-4250-8D4F-F958088CF8D1}.Debug|x86.Build.0 = Debug|x86
		{9BE56BF2-4117-4250-8D4F-F958088CF8D1}.Release|Any CPU.ActiveCfg = Release|x86
		{9BE56BF2-4117-4250-8D4F-F958088CF8D1}.Release|x86.ActiveCfg = Release|x86
		{9BE56BF2-4117-4250-8D4F-F958088CF8D1}.Release|x86.Build.0 = Release|x86
		{9BE56BF2-4117-4250-8D4F-F958088CF8D1}.Debug|Any CPU.Build.0 = Debug|x86
		{F7646D2F-E370-4545-A43D-E9E1389A4A94}.Debug|Any CPU.ActiveCfg = Debug|x86
		{F7646D2F-E370-4545-A43D-E9E1389A4A94}.Debug|x86.ActiveCfg = Debug|x86
		{F7646D2F-E370-4545-A43D-E9E1389A4A94}.Debug|x86.Build.0 = Debug|x86
		{F7646D2F-E370-4545-A43D-E9E1389A4A94}.Release|Any CPU.ActiveCfg = Release|x86
		{F7646D2F-E370-4545-A43D-E9E1389A4A94}.Release|x86.ActiveCfg = Release|x86
		{F7646D2F-E370-4545-A43D-E9E1389A4A94}.Release|x86.Build.0 = Release|x86
		{084E00A0-E590-4ED2-A401-F0D036798168}.Debug|Any CPU.ActiveCfg = Debug|x86
		{084E00A0-E590-4ED2-A401-F0D036798168}.Debug|x86.ActiveCfg = Debug|x86
		{084E00A0-E590-4ED2-A401-F0D036798168}.Debug|x86.Build.0 = Debug|x86
		{084E00A0-E590-4ED2-A401-F0D036798168}.Release|Any CPU.ActiveCfg = Release|x86
		{084E00A0-E590-4ED2-A401-F0D036798168}.Release|x86.ActiveCfg = Release|x86
		{084E00A0-E590-4ED2-A401-F0D036798168}.Release|x86.Build.0 = Release|x86
		{7F11A322-16F1-4947-A534-3CAF05FB24C7}.Debug|Any CPU.ActiveCfg = Debug|x86
		{7F11A322-16F1-4947-A534-3CAF05FB24C7}.Debug|x86.ActiveCfg = Debug|x86
		{7F11A322-16F1-4947-A534-3CAF05FB24C7}.Debug|x86.Build.0 = Debug|x86
		{7F11A322-16F1-4947-A534-3CAF05FB24C7}.Release|Any CPU.ActiveCfg = Release|x86
		{7F11A322-16F1-4947-A534-3CAF05FB24C7}.Release|x86.ActiveCfg = Release|x86
		{7F11A322-16F1-4947-A534-3CAF05FB24C7}.Release|x86.Build.0 = Release|x86
		{55208EF8-F2EF-43EF-81DB-939B0D8BE6C4}.Debug|Any CPU.ActiveCfg = Debug|Any CPU
		{55208EF8-F2EF-43EF-81DB-939B0D8BE6C4}.Debug|x86.ActiveCfg = Debug|Any CPU
		{55208EF8-F2EF-43EF-81DB-939B0D8BE6C4}.Debug|x86.Build.0 = Debug|Any CPU
		{55208EF8-F2EF-43EF-81DB-939B0D8BE6C4}.Release|Any CPU.ActiveCfg = Release|Any CPU
		{55208EF8-F2EF-43EF-81DB-939B0D8BE6C4}.Release|Any CPU.Build.0 = Release|Any CPU
		{55208EF8-F2EF-43EF-81DB-939B0D8BE6C4}.Release|x86.ActiveCfg = Release|Any CPU
		{55208EF8-F2EF-43EF-81DB-939B0D8BE6C4}.Release|x86.Build.0 = Release|Any CPU
		{A171CA66-41CB-427E-B1D0-A0EBBFA73ED1}.Debug|Any CPU.ActiveCfg = Debug|Any CPU
		{A171CA66-41CB-427E-B1D0-A0EBBFA73ED1}.Debug|Any CPU.Build.0 = Debug|Any CPU
		{A171CA66-41CB-427E-B1D0-A0EBBFA73ED1}.Debug|x86.ActiveCfg = Debug|Any CPU
		{A171CA66-41CB-427E-B1D0-A0EBBFA73ED1}.Debug|x86.Build.0 = Debug|Any CPU
		{A171CA66-41CB-427E-B1D0-A0EBBFA73ED1}.Release|Any CPU.ActiveCfg = Release|Any CPU
		{A171CA66-41CB-427E-B1D0-A0EBBFA73ED1}.Release|Any CPU.Build.0 = Release|Any CPU
		{A171CA66-41CB-427E-B1D0-A0EBBFA73ED1}.Release|x86.ActiveCfg = Release|Any CPU
		{A171CA66-41CB-427E-B1D0-A0EBBFA73ED1}.Release|x86.Build.0 = Release|Any CPU
		{17974768-25D6-4116-945C-2E43316B39A8}.Debug|Any CPU.ActiveCfg = Debug|Any CPU
		{17974768-25D6-4116-945C-2E43316B39A8}.Debug|Any CPU.Build.0 = Debug|Any CPU
		{17974768-25D6-4116-945C-2E43316B39A8}.Debug|x86.ActiveCfg = Debug|Any CPU
		{17974768-25D6-4116-945C-2E43316B39A8}.Debug|x86.Build.0 = Debug|Any CPU
		{17974768-25D6-4116-945C-2E43316B39A8}.Release|Any CPU.ActiveCfg = Release|Any CPU
		{17974768-25D6-4116-945C-2E43316B39A8}.Release|Any CPU.Build.0 = Release|Any CPU
		{17974768-25D6-4116-945C-2E43316B39A8}.Release|x86.ActiveCfg = Release|Any CPU
		{17974768-25D6-4116-945C-2E43316B39A8}.Release|x86.Build.0 = Release|Any CPU
		{25337CAA-EBD1-406D-A521-CC67A0136AAA}.Debug|Any CPU.ActiveCfg = Debug|Any CPU
		{25337CAA-EBD1-406D-A521-CC67A0136AAA}.Debug|Any CPU.Build.0 = Debug|Any CPU
		{25337CAA-EBD1-406D-A521-CC67A0136AAA}.Debug|x86.ActiveCfg = Debug|Any CPU
		{25337CAA-EBD1-406D-A521-CC67A0136AAA}.Debug|x86.Build.0 = Debug|Any CPU
		{25337CAA-EBD1-406D-A521-CC67A0136AAA}.Release|Any CPU.ActiveCfg = Release|Any CPU
		{25337CAA-EBD1-406D-A521-CC67A0136AAA}.Release|Any CPU.Build.0 = Release|Any CPU
		{25337CAA-EBD1-406D-A521-CC67A0136AAA}.Release|x86.ActiveCfg = Release|Any CPU
		{25337CAA-EBD1-406D-A521-CC67A0136AAA}.Release|x86.Build.0 = Release|Any CPU
	EndGlobalSection
	GlobalSection(SolutionProperties) = preSolution
		HideSolutionNode = FALSE
	EndGlobalSection
	GlobalSection(NestedProjects) = preSolution
		{1E221878-FB21-409A-A2DE-9318BF4710FC} = {C9DFB5CD-8A87-454C-8803-D263262894FC}
		{7218D734-B4B4-4BEC-8DC7-006DA6FEDF9F} = {C9DFB5CD-8A87-454C-8803-D263262894FC}
		{25337CAA-EBD1-406D-A521-CC67A0136AAA} = {C9DFB5CD-8A87-454C-8803-D263262894FC}
		{F7646D2F-E370-4545-A43D-E9E1389A4A94} = {C9DFB5CD-8A87-454C-8803-D263262894FC}
		{7F11A322-16F1-4947-A534-3CAF05FB24C7} = {C9DFB5CD-8A87-454C-8803-D263262894FC}
		{084E00A0-E590-4ED2-A401-F0D036798168} = {C9DFB5CD-8A87-454C-8803-D263262894FC}
		{55208EF8-F2EF-43EF-81DB-939B0D8BE6C4} = {C9DFB5CD-8A87-454C-8803-D263262894FC}
	EndGlobalSection
EndGlobal
